
Microsoft Visual Studio Solution File, Format Version 12.00
# Visual Studio Version 17
VisualStudioVersion = 17.7.34202.233
MinimumVisualStudioVersion = 10.0.40219.1
Project("{8BC9CEB8-8B4A-11D0-8D11-00A0C91BC942}") = "ITMO.Course.CPP.Lab1.Ex2", "ITMO.Course.CPP.Lab1.Ex2\ITMO.Course.CPP.Lab1.Ex2.vcxproj", "{716C0439-9C15-4546-9F99-C506DC1B1EB0}"
EndProject
Project("{8BC9CEB8-8B4A-11D0-8D11-00A0C91BC942}") = "ITMO.Course.CPP.Lab1.Ex1", "ITMO.Course.CPP.Lab1.Ex1\ITMO.Course.CPP.Lab1.Ex1.vcxproj", "{06610202-D0C2-41BF-80E1-1105FDEAC8B5}"
EndProject
Project("{8BC9CEB8-8B4A-11D0-8D11-00A0C91BC942}") = "ITMO.Course.CPP.Lab1.Test1", "ITMO.Course.CPP.Lab1.Test1\ITMO.Course.CPP.Lab1.Test1.vcxproj", "{2B16A4C7-A9DF-408A-B8D3-626333F24FC7}"
EndProject
Project("{8BC9CEB8-8B4A-11D0-8D11-00A0C91BC942}") = "ITMO.Course.CPP.Lab2.Ex1", "ITMO.Course.CPP.Lab2.Ex1\ITMO.Course.CPP.Lab2.Ex1.vcxproj", "{F4629BF5-29B3-4711-9B80-602BFF8A930C}"
EndProject
Project("{8BC9CEB8-8B4A-11D0-8D11-00A0C91BC942}") = "ITMO.Course.CPP.Lab2.Test1", "ITMO.Course.CPP.Lab2.Test1\ITMO.Course.CPP.Lab2.Test1.vcxproj", "{52886054-42BD-4ABA-8A26-167558644260}"
EndProject
Project("{8BC9CEB8-8B4A-11D0-8D11-00A0C91BC942}") = "ITMO.Course.CPP.Lab2.Test2", "ITMO.Course.CPP.Lab2.Test2\ITMO.Course.CPP.Lab2.Test2.vcxproj", "{E2E251E0-F9E9-49F9-A30B-18E4E552F7B3}"
EndProject
Project("{8BC9CEB8-8B4A-11D0-8D11-00A0C91BC942}") = "ITMO.Course.CPP.Lab1.Ex3", "ITMO.Course.CPP.Lab1.Ex3\ITMO.Course.CPP.Lab1.Ex3.vcxproj", "{7FFE30B5-EBF9-45BA-8B66-A3F7142A8BDB}"
EndProject
Project("{8BC9CEB8-8B4A-11D0-8D11-00A0C91BC942}") = "ITMO.Course.CPP.Lab2.Ex2", "ITMO.Course.CPP.Lab2.Ex2\ITMO.Course.CPP.Lab2.Ex2.vcxproj", "{1EDF48E4-E769-48DF-847E-63DC46B879EE}"
EndProject
Project("{8BC9CEB8-8B4A-11D0-8D11-00A0C91BC942}") = "ITMO.Course.CPP.Lab2.Ex3", "ITMO.Course.CPP.Lab2.Ex3\ITMO.Course.CPP.Lab2.Ex3.vcxproj", "{8CBAA14C-2940-4830-B6B3-C8549902EC96}"
EndProject
Project("{8BC9CEB8-8B4A-11D0-8D11-00A0C91BC942}") = "ITMO.Course.CPP.Lab2.Ex4", "ITMO.Course.CPP.Lab2.Ex4\ITMO.Course.CPP.Lab2.Ex4.vcxproj", "{37FDF274-F0B4-4DFE-8062-ADC344D7A444}"
EndProject
Project("{8BC9CEB8-8B4A-11D0-8D11-00A0C91BC942}") = "ITMO.Course.CPP.Lab2.Test3", "ITMO.Course.CPP.Lab2.Test3\ITMO.Course.CPP.Lab2.Test3.vcxproj", "{2EB3959B-1542-4530-A804-DFCE5FE88967}"
EndProject
Project("{8BC9CEB8-8B4A-11D0-8D11-00A0C91BC942}") = "ITMO.Course.CPP.Lab2.Test4", "ITMO.Course.CPP.Lab2.Test4\ITMO.Course.CPP.Lab2.Test4.vcxproj", "{1865FC01-5E83-4583-AE05-414C1347A9D7}"
EndProject
Project("{8BC9CEB8-8B4A-11D0-8D11-00A0C91BC942}") = "ITMO.Course.CPP.Lab3.Ex1", "ITMO.Course.CPP.Lab3.Ex1\ITMO.Course.CPP.Lab3.Ex1.vcxproj", "{7F17651F-D2B5-4FD9-BE96-820BD4256124}"
EndProject
Project("{8BC9CEB8-8B4A-11D0-8D11-00A0C91BC942}") = "ITMO.Course.CPP.Lab3.Ex2", "ITMO.Course.CPP.Lab3.Ex2\ITMO.Course.CPP.Lab3.Ex2.vcxproj", "{CA2CFC36-FCE4-44C2-ABB7-D4BAB5C7FFF4}"
EndProject
Project("{8BC9CEB8-8B4A-11D0-8D11-00A0C91BC942}") = "ITMO.Course.CPP.Lab3.Ex3", "ITMO.Course.CPP.Lab3.Ex3\ITMO.Course.CPP.Lab3.Ex3.vcxproj", "{6447E5A0-8A3F-4D03-B308-9D816ECE62CF}"
EndProject
Project("{8BC9CEB8-8B4A-11D0-8D11-00A0C91BC942}") = "ITMO.Course.CPP.Lab3.Ex4", "ITMO.Course.CPP.Lab3.Ex4\ITMO.Course.CPP.Lab3.Ex4.vcxproj", "{3CFDF841-E7DE-4721-8627-0DA99A44FEA0}"
EndProject
Project("{8BC9CEB8-8B4A-11D0-8D11-00A0C91BC942}") = "ITMO.Course.CPP.Lab3.Test1", "ITMO.Course.CPP.Lab3.Test1\ITMO.Course.CPP.Lab3.Test1.vcxproj", "{0CA53D21-14A9-4CAC-B114-1E37DA23D4A9}"
EndProject
Project("{8BC9CEB8-8B4A-11D0-8D11-00A0C91BC942}") = "ITMO.Course.CPP.Lab3.Test2", "ITMO.Course.CPP.Lab3.Test2\ITMO.Course.CPP.Lab3.Test2.vcxproj", "{A51CDC9D-3EE0-4688-8F28-C059098B1DFD}"
EndProject
Project("{8BC9CEB8-8B4A-11D0-8D11-00A0C91BC942}") = "ITMO.Course.CPP.Lab3.Test3", "ITMO.Course.CPP.Lab3.Test3\ITMO.Course.CPP.Lab3.Test3.vcxproj", "{ABBF2955-5F6C-40A3-A77B-C40398751B12}"
EndProject
Project("{8BC9CEB8-8B4A-11D0-8D11-00A0C91BC942}") = "ITMO.Course.CPP.Lab3.Test4", "ITMO.Course.CPP.Lab3.Test4\ITMO.Course.CPP.Lab3.Test4.vcxproj", "{C87908EB-28D3-4959-A33B-A9099B4BE746}"
EndProject
Project("{8BC9CEB8-8B4A-11D0-8D11-00A0C91BC942}") = "ITMO.Course.CPP.Lab3.Test5", "ITMO.Course.CPP.Lab3.Test5\ITMO.Course.CPP.Lab3.Test5.vcxproj", "{C311CEA0-1B1B-4EA2-A11D-275E10CA7726}"
EndProject
Project("{8BC9CEB8-8B4A-11D0-8D11-00A0C91BC942}") = "ITMO.Course.CPP.Lab4.Ex1", "ITMO.Course.CPP.Lab4.Ex1\ITMO.Course.CPP.Lab4.Ex1.vcxproj", "{5990680C-8C76-4DC8-A04C-5482D5834524}"
EndProject
Project("{8BC9CEB8-8B4A-11D0-8D11-00A0C91BC942}") = "ITMO.Course.CPP.Lab4.Ex2", "ITMO.Course.CPP.Lab4.Ex2\ITMO.Course.CPP.Lab4.Ex2.vcxproj", "{17F8ACFC-872E-4B5D-A448-2F04BB9C1E07}"
EndProject
Project("{8BC9CEB8-8B4A-11D0-8D11-00A0C91BC942}") = "ITMO.Course.CPP.Lab4.Test1", "ITMO.Course.CPP.Lab4.Test1\ITMO.Course.CPP.Lab4.Test1.vcxproj", "{B0B84C42-BE5D-4B7B-97C6-AA010818C4D1}"
EndProject
Project("{8BC9CEB8-8B4A-11D0-8D11-00A0C91BC942}") = "ITMO.Course.CPP.Lab4.Test2", "ITMO.Course.CPP.Lab4.Test2\ITMO.Course.CPP.Lab4.Test2.vcxproj", "{503E1314-0C6F-4404-8E8F-CCBA34A70310}"
EndProject
Global
	GlobalSection(SolutionConfigurationPlatforms) = preSolution
		Debug|x64 = Debug|x64
		Debug|x86 = Debug|x86
		Release|x64 = Release|x64
		Release|x86 = Release|x86
	EndGlobalSection
	GlobalSection(ProjectConfigurationPlatforms) = postSolution
		{716C0439-9C15-4546-9F99-C506DC1B1EB0}.Debug|x64.ActiveCfg = Debug|x64
		{716C0439-9C15-4546-9F99-C506DC1B1EB0}.Debug|x64.Build.0 = Debug|x64
		{716C0439-9C15-4546-9F99-C506DC1B1EB0}.Debug|x86.ActiveCfg = Debug|Win32
		{716C0439-9C15-4546-9F99-C506DC1B1EB0}.Debug|x86.Build.0 = Debug|Win32
		{716C0439-9C15-4546-9F99-C506DC1B1EB0}.Release|x64.ActiveCfg = Release|x64
		{716C0439-9C15-4546-9F99-C506DC1B1EB0}.Release|x64.Build.0 = Release|x64
		{716C0439-9C15-4546-9F99-C506DC1B1EB0}.Release|x86.ActiveCfg = Release|Win32
		{716C0439-9C15-4546-9F99-C506DC1B1EB0}.Release|x86.Build.0 = Release|Win32
		{06610202-D0C2-41BF-80E1-1105FDEAC8B5}.Debug|x64.ActiveCfg = Debug|x64
		{06610202-D0C2-41BF-80E1-1105FDEAC8B5}.Debug|x64.Build.0 = Debug|x64
		{06610202-D0C2-41BF-80E1-1105FDEAC8B5}.Debug|x86.ActiveCfg = Debug|Win32
		{06610202-D0C2-41BF-80E1-1105FDEAC8B5}.Debug|x86.Build.0 = Debug|Win32
		{06610202-D0C2-41BF-80E1-1105FDEAC8B5}.Release|x64.ActiveCfg = Release|x64
		{06610202-D0C2-41BF-80E1-1105FDEAC8B5}.Release|x64.Build.0 = Release|x64
		{06610202-D0C2-41BF-80E1-1105FDEAC8B5}.Release|x86.ActiveCfg = Release|Win32
		{06610202-D0C2-41BF-80E1-1105FDEAC8B5}.Release|x86.Build.0 = Release|Win32
		{2B16A4C7-A9DF-408A-B8D3-626333F24FC7}.Debug|x64.ActiveCfg = Debug|x64
		{2B16A4C7-A9DF-408A-B8D3-626333F24FC7}.Debug|x64.Build.0 = Debug|x64
		{2B16A4C7-A9DF-408A-B8D3-626333F24FC7}.Debug|x86.ActiveCfg = Debug|Win32
		{2B16A4C7-A9DF-408A-B8D3-626333F24FC7}.Debug|x86.Build.0 = Debug|Win32
		{2B16A4C7-A9DF-408A-B8D3-626333F24FC7}.Release|x64.ActiveCfg = Release|x64
		{2B16A4C7-A9DF-408A-B8D3-626333F24FC7}.Release|x64.Build.0 = Release|x64
		{2B16A4C7-A9DF-408A-B8D3-626333F24FC7}.Release|x86.ActiveCfg = Release|Win32
		{2B16A4C7-A9DF-408A-B8D3-626333F24FC7}.Release|x86.Build.0 = Release|Win32
		{F4629BF5-29B3-4711-9B80-602BFF8A930C}.Debug|x64.ActiveCfg = Debug|x64
		{F4629BF5-29B3-4711-9B80-602BFF8A930C}.Debug|x64.Build.0 = Debug|x64
		{F4629BF5-29B3-4711-9B80-602BFF8A930C}.Debug|x86.ActiveCfg = Debug|Win32
		{F4629BF5-29B3-4711-9B80-602BFF8A930C}.Debug|x86.Build.0 = Debug|Win32
		{F4629BF5-29B3-4711-9B80-602BFF8A930C}.Release|x64.ActiveCfg = Release|x64
		{F4629BF5-29B3-4711-9B80-602BFF8A930C}.Release|x64.Build.0 = Release|x64
		{F4629BF5-29B3-4711-9B80-602BFF8A930C}.Release|x86.ActiveCfg = Release|Win32
		{F4629BF5-29B3-4711-9B80-602BFF8A930C}.Release|x86.Build.0 = Release|Win32
		{52886054-42BD-4ABA-8A26-167558644260}.Debug|x64.ActiveCfg = Debug|x64
		{52886054-42BD-4ABA-8A26-167558644260}.Debug|x64.Build.0 = Debug|x64
		{52886054-42BD-4ABA-8A26-167558644260}.Debug|x86.ActiveCfg = Debug|Win32
		{52886054-42BD-4ABA-8A26-167558644260}.Debug|x86.Build.0 = Debug|Win32
		{52886054-42BD-4ABA-8A26-167558644260}.Release|x64.ActiveCfg = Release|x64
		{52886054-42BD-4ABA-8A26-167558644260}.Release|x64.Build.0 = Release|x64
		{52886054-42BD-4ABA-8A26-167558644260}.Release|x86.ActiveCfg = Release|Win32
		{52886054-42BD-4ABA-8A26-167558644260}.Release|x86.Build.0 = Release|Win32
		{E2E251E0-F9E9-49F9-A30B-18E4E552F7B3}.Debug|x64.ActiveCfg = Debug|x64
		{E2E251E0-F9E9-49F9-A30B-18E4E552F7B3}.Debug|x64.Build.0 = Debug|x64
		{E2E251E0-F9E9-49F9-A30B-18E4E552F7B3}.Debug|x86.ActiveCfg = Debug|Win32
		{E2E251E0-F9E9-49F9-A30B-18E4E552F7B3}.Debug|x86.Build.0 = Debug|Win32
		{E2E251E0-F9E9-49F9-A30B-18E4E552F7B3}.Release|x64.ActiveCfg = Release|x64
		{E2E251E0-F9E9-49F9-A30B-18E4E552F7B3}.Release|x64.Build.0 = Release|x64
		{E2E251E0-F9E9-49F9-A30B-18E4E552F7B3}.Release|x86.ActiveCfg = Release|Win32
		{E2E251E0-F9E9-49F9-A30B-18E4E552F7B3}.Release|x86.Build.0 = Release|Win32
		{7FFE30B5-EBF9-45BA-8B66-A3F7142A8BDB}.Debug|x64.ActiveCfg = Debug|x64
		{7FFE30B5-EBF9-45BA-8B66-A3F7142A8BDB}.Debug|x64.Build.0 = Debug|x64
		{7FFE30B5-EBF9-45BA-8B66-A3F7142A8BDB}.Debug|x86.ActiveCfg = Debug|Win32
		{7FFE30B5-EBF9-45BA-8B66-A3F7142A8BDB}.Debug|x86.Build.0 = Debug|Win32
		{7FFE30B5-EBF9-45BA-8B66-A3F7142A8BDB}.Release|x64.ActiveCfg = Release|x64
		{7FFE30B5-EBF9-45BA-8B66-A3F7142A8BDB}.Release|x64.Build.0 = Release|x64
		{7FFE30B5-EBF9-45BA-8B66-A3F7142A8BDB}.Release|x86.ActiveCfg = Release|Win32
		{7FFE30B5-EBF9-45BA-8B66-A3F7142A8BDB}.Release|x86.Build.0 = Release|Win32
		{1EDF48E4-E769-48DF-847E-63DC46B879EE}.Debug|x64.ActiveCfg = Debug|x64
		{1EDF48E4-E769-48DF-847E-63DC46B879EE}.Debug|x64.Build.0 = Debug|x64
		{1EDF48E4-E769-48DF-847E-63DC46B879EE}.Debug|x86.ActiveCfg = Debug|Win32
		{1EDF48E4-E769-48DF-847E-63DC46B879EE}.Debug|x86.Build.0 = Debug|Win32
		{1EDF48E4-E769-48DF-847E-63DC46B879EE}.Release|x64.ActiveCfg = Release|x64
		{1EDF48E4-E769-48DF-847E-63DC46B879EE}.Release|x64.Build.0 = Release|x64
		{1EDF48E4-E769-48DF-847E-63DC46B879EE}.Release|x86.ActiveCfg = Release|Win32
		{1EDF48E4-E769-48DF-847E-63DC46B879EE}.Release|x86.Build.0 = Release|Win32
		{8CBAA14C-2940-4830-B6B3-C8549902EC96}.Debug|x64.ActiveCfg = Debug|x64
		{8CBAA14C-2940-4830-B6B3-C8549902EC96}.Debug|x64.Build.0 = Debug|x64
		{8CBAA14C-2940-4830-B6B3-C8549902EC96}.Debug|x86.ActiveCfg = Debug|Win32
		{8CBAA14C-2940-4830-B6B3-C8549902EC96}.Debug|x86.Build.0 = Debug|Win32
		{8CBAA14C-2940-4830-B6B3-C8549902EC96}.Release|x64.ActiveCfg = Release|x64
		{8CBAA14C-2940-4830-B6B3-C8549902EC96}.Release|x64.Build.0 = Release|x64
		{8CBAA14C-2940-4830-B6B3-C8549902EC96}.Release|x86.ActiveCfg = Release|Win32
		{8CBAA14C-2940-4830-B6B3-C8549902EC96}.Release|x86.Build.0 = Release|Win32
		{37FDF274-F0B4-4DFE-8062-ADC344D7A444}.Debug|x64.ActiveCfg = Debug|x64
		{37FDF274-F0B4-4DFE-8062-ADC344D7A444}.Debug|x64.Build.0 = Debug|x64
		{37FDF274-F0B4-4DFE-8062-ADC344D7A444}.Debug|x86.ActiveCfg = Debug|Win32
		{37FDF274-F0B4-4DFE-8062-ADC344D7A444}.Debug|x86.Build.0 = Debug|Win32
		{37FDF274-F0B4-4DFE-8062-ADC344D7A444}.Release|x64.ActiveCfg = Release|x64
		{37FDF274-F0B4-4DFE-8062-ADC344D7A444}.Release|x64.Build.0 = Release|x64
		{37FDF274-F0B4-4DFE-8062-ADC344D7A444}.Release|x86.ActiveCfg = Release|Win32
		{37FDF274-F0B4-4DFE-8062-ADC344D7A444}.Release|x86.Build.0 = Release|Win32
		{2EB3959B-1542-4530-A804-DFCE5FE88967}.Debug|x64.ActiveCfg = Debug|x64
		{2EB3959B-1542-4530-A804-DFCE5FE88967}.Debug|x64.Build.0 = Debug|x64
		{2EB3959B-1542-4530-A804-DFCE5FE88967}.Debug|x86.ActiveCfg = Debug|Win32
		{2EB3959B-1542-4530-A804-DFCE5FE88967}.Debug|x86.Build.0 = Debug|Win32
		{2EB3959B-1542-4530-A804-DFCE5FE88967}.Release|x64.ActiveCfg = Release|x64
		{2EB3959B-1542-4530-A804-DFCE5FE88967}.Release|x64.Build.0 = Release|x64
		{2EB3959B-1542-4530-A804-DFCE5FE88967}.Release|x86.ActiveCfg = Release|Win32
		{2EB3959B-1542-4530-A804-DFCE5FE88967}.Release|x86.Build.0 = Release|Win32
		{1865FC01-5E83-4583-AE05-414C1347A9D7}.Debug|x64.ActiveCfg = Debug|x64
		{1865FC01-5E83-4583-AE05-414C1347A9D7}.Debug|x64.Build.0 = Debug|x64
		{1865FC01-5E83-4583-AE05-414C1347A9D7}.Debug|x86.ActiveCfg = Debug|Win32
		{1865FC01-5E83-4583-AE05-414C1347A9D7}.Debug|x86.Build.0 = Debug|Win32
		{1865FC01-5E83-4583-AE05-414C1347A9D7}.Release|x64.ActiveCfg = Release|x64
		{1865FC01-5E83-4583-AE05-414C1347A9D7}.Release|x64.Build.0 = Release|x64
		{1865FC01-5E83-4583-AE05-414C1347A9D7}.Release|x86.ActiveCfg = Release|Win32
		{1865FC01-5E83-4583-AE05-414C1347A9D7}.Release|x86.Build.0 = Release|Win32
		{7F17651F-D2B5-4FD9-BE96-820BD4256124}.Debug|x64.ActiveCfg = Debug|x64
		{7F17651F-D2B5-4FD9-BE96-820BD4256124}.Debug|x64.Build.0 = Debug|x64
		{7F17651F-D2B5-4FD9-BE96-820BD4256124}.Debug|x86.ActiveCfg = Debug|Win32
		{7F17651F-D2B5-4FD9-BE96-820BD4256124}.Debug|x86.Build.0 = Debug|Win32
		{7F17651F-D2B5-4FD9-BE96-820BD4256124}.Release|x64.ActiveCfg = Release|x64
		{7F17651F-D2B5-4FD9-BE96-820BD4256124}.Release|x64.Build.0 = Release|x64
		{7F17651F-D2B5-4FD9-BE96-820BD4256124}.Release|x86.ActiveCfg = Release|Win32
		{7F17651F-D2B5-4FD9-BE96-820BD4256124}.Release|x86.Build.0 = Release|Win32
		{CA2CFC36-FCE4-44C2-ABB7-D4BAB5C7FFF4}.Debug|x64.ActiveCfg = Debug|x64
		{CA2CFC36-FCE4-44C2-ABB7-D4BAB5C7FFF4}.Debug|x64.Build.0 = Debug|x64
		{CA2CFC36-FCE4-44C2-ABB7-D4BAB5C7FFF4}.Debug|x86.ActiveCfg = Debug|Win32
		{CA2CFC36-FCE4-44C2-ABB7-D4BAB5C7FFF4}.Debug|x86.Build.0 = Debug|Win32
		{CA2CFC36-FCE4-44C2-ABB7-D4BAB5C7FFF4}.Release|x64.ActiveCfg = Release|x64
		{CA2CFC36-FCE4-44C2-ABB7-D4BAB5C7FFF4}.Release|x64.Build.0 = Release|x64
		{CA2CFC36-FCE4-44C2-ABB7-D4BAB5C7FFF4}.Release|x86.ActiveCfg = Release|Win32
		{CA2CFC36-FCE4-44C2-ABB7-D4BAB5C7FFF4}.Release|x86.Build.0 = Release|Win32
		{6447E5A0-8A3F-4D03-B308-9D816ECE62CF}.Debug|x64.ActiveCfg = Debug|x64
		{6447E5A0-8A3F-4D03-B308-9D816ECE62CF}.Debug|x64.Build.0 = Debug|x64
		{6447E5A0-8A3F-4D03-B308-9D816ECE62CF}.Debug|x86.ActiveCfg = Debug|Win32
		{6447E5A0-8A3F-4D03-B308-9D816ECE62CF}.Debug|x86.Build.0 = Debug|Win32
		{6447E5A0-8A3F-4D03-B308-9D816ECE62CF}.Release|x64.ActiveCfg = Release|x64
		{6447E5A0-8A3F-4D03-B308-9D816ECE62CF}.Release|x64.Build.0 = Release|x64
		{6447E5A0-8A3F-4D03-B308-9D816ECE62CF}.Release|x86.ActiveCfg = Release|Win32
		{6447E5A0-8A3F-4D03-B308-9D816ECE62CF}.Release|x86.Build.0 = Release|Win32
		{3CFDF841-E7DE-4721-8627-0DA99A44FEA0}.Debug|x64.ActiveCfg = Debug|x64
		{3CFDF841-E7DE-4721-8627-0DA99A44FEA0}.Debug|x64.Build.0 = Debug|x64
		{3CFDF841-E7DE-4721-8627-0DA99A44FEA0}.Debug|x86.ActiveCfg = Debug|Win32
		{3CFDF841-E7DE-4721-8627-0DA99A44FEA0}.Debug|x86.Build.0 = Debug|Win32
		{3CFDF841-E7DE-4721-8627-0DA99A44FEA0}.Release|x64.ActiveCfg = Release|x64
		{3CFDF841-E7DE-4721-8627-0DA99A44FEA0}.Release|x64.Build.0 = Release|x64
		{3CFDF841-E7DE-4721-8627-0DA99A44FEA0}.Release|x86.ActiveCfg = Release|Win32
		{3CFDF841-E7DE-4721-8627-0DA99A44FEA0}.Release|x86.Build.0 = Release|Win32
		{0CA53D21-14A9-4CAC-B114-1E37DA23D4A9}.Debug|x64.ActiveCfg = Debug|x64
		{0CA53D21-14A9-4CAC-B114-1E37DA23D4A9}.Debug|x64.Build.0 = Debug|x64
		{0CA53D21-14A9-4CAC-B114-1E37DA23D4A9}.Debug|x86.ActiveCfg = Debug|Win32
		{0CA53D21-14A9-4CAC-B114-1E37DA23D4A9}.Debug|x86.Build.0 = Debug|Win32
		{0CA53D21-14A9-4CAC-B114-1E37DA23D4A9}.Release|x64.ActiveCfg = Release|x64
		{0CA53D21-14A9-4CAC-B114-1E37DA23D4A9}.Release|x64.Build.0 = Release|x64
		{0CA53D21-14A9-4CAC-B114-1E37DA23D4A9}.Release|x86.ActiveCfg = Release|Win32
		{0CA53D21-14A9-4CAC-B114-1E37DA23D4A9}.Release|x86.Build.0 = Release|Win32
		{A51CDC9D-3EE0-4688-8F28-C059098B1DFD}.Debug|x64.ActiveCfg = Debug|x64
		{A51CDC9D-3EE0-4688-8F28-C059098B1DFD}.Debug|x64.Build.0 = Debug|x64
		{A51CDC9D-3EE0-4688-8F28-C059098B1DFD}.Debug|x86.ActiveCfg = Debug|Win32
		{A51CDC9D-3EE0-4688-8F28-C059098B1DFD}.Debug|x86.Build.0 = Debug|Win32
		{A51CDC9D-3EE0-4688-8F28-C059098B1DFD}.Release|x64.ActiveCfg = Release|x64
		{A51CDC9D-3EE0-4688-8F28-C059098B1DFD}.Release|x64.Build.0 = Release|x64
		{A51CDC9D-3EE0-4688-8F28-C059098B1DFD}.Release|x86.ActiveCfg = Release|Win32
		{A51CDC9D-3EE0-4688-8F28-C059098B1DFD}.Release|x86.Build.0 = Release|Win32
		{ABBF2955-5F6C-40A3-A77B-C40398751B12}.Debug|x64.ActiveCfg = Debug|x64
		{ABBF2955-5F6C-40A3-A77B-C40398751B12}.Debug|x64.Build.0 = Debug|x64
		{ABBF2955-5F6C-40A3-A77B-C40398751B12}.Debug|x86.ActiveCfg = Debug|Win32
		{ABBF2955-5F6C-40A3-A77B-C40398751B12}.Debug|x86.Build.0 = Debug|Win32
		{ABBF2955-5F6C-40A3-A77B-C40398751B12}.Release|x64.ActiveCfg = Release|x64
		{ABBF2955-5F6C-40A3-A77B-C40398751B12}.Release|x64.Build.0 = Release|x64
		{ABBF2955-5F6C-40A3-A77B-C40398751B12}.Release|x86.ActiveCfg = Release|Win32
		{ABBF2955-5F6C-40A3-A77B-C40398751B12}.Release|x86.Build.0 = Release|Win32
		{C87908EB-28D3-4959-A33B-A9099B4BE746}.Debug|x64.ActiveCfg = Debug|x64
		{C87908EB-28D3-4959-A33B-A9099B4BE746}.Debug|x64.Build.0 = Debug|x64
		{C87908EB-28D3-4959-A33B-A9099B4BE746}.Debug|x86.ActiveCfg = Debug|Win32
		{C87908EB-28D3-4959-A33B-A9099B4BE746}.Debug|x86.Build.0 = Debug|Win32
		{C87908EB-28D3-4959-A33B-A9099B4BE746}.Release|x64.ActiveCfg = Release|x64
		{C87908EB-28D3-4959-A33B-A9099B4BE746}.Release|x64.Build.0 = Release|x64
		{C87908EB-28D3-4959-A33B-A9099B4BE746}.Release|x86.ActiveCfg = Release|Win32
		{C87908EB-28D3-4959-A33B-A9099B4BE746}.Release|x86.Build.0 = Release|Win32
		{C311CEA0-1B1B-4EA2-A11D-275E10CA7726}.Debug|x64.ActiveCfg = Debug|x64
		{C311CEA0-1B1B-4EA2-A11D-275E10CA7726}.Debug|x64.Build.0 = Debug|x64
		{C311CEA0-1B1B-4EA2-A11D-275E10CA7726}.Debug|x86.ActiveCfg = Debug|Win32
		{C311CEA0-1B1B-4EA2-A11D-275E10CA7726}.Debug|x86.Build.0 = Debug|Win32
		{C311CEA0-1B1B-4EA2-A11D-275E10CA7726}.Release|x64.ActiveCfg = Release|x64
		{C311CEA0-1B1B-4EA2-A11D-275E10CA7726}.Release|x64.Build.0 = Release|x64
		{C311CEA0-1B1B-4EA2-A11D-275E10CA7726}.Release|x86.ActiveCfg = Release|Win32
		{C311CEA0-1B1B-4EA2-A11D-275E10CA7726}.Release|x86.Build.0 = Release|Win32
		{5990680C-8C76-4DC8-A04C-5482D5834524}.Debug|x64.ActiveCfg = Debug|x64
		{5990680C-8C76-4DC8-A04C-5482D5834524}.Debug|x64.Build.0 = Debug|x64
		{5990680C-8C76-4DC8-A04C-5482D5834524}.Debug|x86.ActiveCfg = Debug|Win32
		{5990680C-8C76-4DC8-A04C-5482D5834524}.Debug|x86.Build.0 = Debug|Win32
		{5990680C-8C76-4DC8-A04C-5482D5834524}.Release|x64.ActiveCfg = Release|x64
		{5990680C-8C76-4DC8-A04C-5482D5834524}.Release|x64.Build.0 = Release|x64
		{5990680C-8C76-4DC8-A04C-5482D5834524}.Release|x86.ActiveCfg = Release|Win32
		{5990680C-8C76-4DC8-A04C-5482D5834524}.Release|x86.Build.0 = Release|Win32
		{17F8ACFC-872E-4B5D-A448-2F04BB9C1E07}.Debug|x64.ActiveCfg = Debug|x64
		{17F8ACFC-872E-4B5D-A448-2F04BB9C1E07}.Debug|x64.Build.0 = Debug|x64
		{17F8ACFC-872E-4B5D-A448-2F04BB9C1E07}.Debug|x86.ActiveCfg = Debug|Win32
		{17F8ACFC-872E-4B5D-A448-2F04BB9C1E07}.Debug|x86.Build.0 = Debug|Win32
		{17F8ACFC-872E-4B5D-A448-2F04BB9C1E07}.Release|x64.ActiveCfg = Release|x64
		{17F8ACFC-872E-4B5D-A448-2F04BB9C1E07}.Release|x64.Build.0 = Release|x64
		{17F8ACFC-872E-4B5D-A448-2F04BB9C1E07}.Release|x86.ActiveCfg = Release|Win32
		{17F8ACFC-872E-4B5D-A448-2F04BB9C1E07}.Release|x86.Build.0 = Release|Win32
		{B0B84C42-BE5D-4B7B-97C6-AA010818C4D1}.Debug|x64.ActiveCfg = Debug|x64
		{B0B84C42-BE5D-4B7B-97C6-AA010818C4D1}.Debug|x64.Build.0 = Debug|x64
		{B0B84C42-BE5D-4B7B-97C6-AA010818C4D1}.Debug|x86.ActiveCfg = Debug|Win32
		{B0B84C42-BE5D-4B7B-97C6-AA010818C4D1}.Debug|x86.Build.0 = Debug|Win32
		{B0B84C42-BE5D-4B7B-97C6-AA010818C4D1}.Release|x64.ActiveCfg = Release|x64
		{B0B84C42-BE5D-4B7B-97C6-AA010818C4D1}.Release|x64.Build.0 = Release|x64
		{B0B84C42-BE5D-4B7B-97C6-AA010818C4D1}.Release|x86.ActiveCfg = Release|Win32
		{B0B84C42-BE5D-4B7B-97C6-AA010818C4D1}.Release|x86.Build.0 = Release|Win32
		{503E1314-0C6F-4404-8E8F-CCBA34A70310}.Debug|x64.ActiveCfg = Debug|x64
		{503E1314-0C6F-4404-8E8F-CCBA34A70310}.Debug|x64.Build.0 = Debug|x64
		{503E1314-0C6F-4404-8E8F-CCBA34A70310}.Debug|x86.ActiveCfg = Debug|Win32
		{503E1314-0C6F-4404-8E8F-CCBA34A70310}.Debug|x86.Build.0 = Debug|Win32
		{503E1314-0C6F-4404-8E8F-CCBA34A70310}.Release|x64.ActiveCfg = Release|x64
		{503E1314-0C6F-4404-8E8F-CCBA34A70310}.Release|x64.Build.0 = Release|x64
		{503E1314-0C6F-4404-8E8F-CCBA34A70310}.Release|x86.ActiveCfg = Release|Win32
		{503E1314-0C6F-4404-8E8F-CCBA34A70310}.Release|x86.Build.0 = Release|Win32
	EndGlobalSection
	GlobalSection(SolutionProperties) = preSolution
		HideSolutionNode = FALSE
	EndGlobalSection
	GlobalSection(ExtensibilityGlobals) = postSolution
		SolutionGuid = {62B0173E-7C93-4DCB-8327-60FE9AFBD440}
	EndGlobalSection
EndGlobal
