
Microsoft Visual Studio Solution File, Format Version 12.00
# Visual Studio Version 17
VisualStudioVersion = 17.7.34202.233
MinimumVisualStudioVersion = 10.0.40219.1
Project("{8BC9CEB8-8B4A-11D0-8D11-00A0C91BC942}") = "ITMO.Course.CPP.Lab1.Ex2", "ITMO.Course.CPP.Lab1.Ex2\ITMO.Course.CPP.Lab1.Ex2.vcxproj", "{716C0439-9C15-4546-9F99-C506DC1B1EB0}"
EndProject
Project("{8BC9CEB8-8B4A-11D0-8D11-00A0C91BC942}") = "ITMO.Course.CPP.Lab1.Ex1", "ITMO.Course.CPP.Lab1.Ex1\ITMO.Course.CPP.Lab1.Ex1.vcxproj", "{06610202-D0C2-41BF-80E1-1105FDEAC8B5}"
EndProject
Project("{8BC9CEB8-8B4A-11D0-8D11-00A0C91BC942}") = "ITMO.Course.CPP.Lab1.Test1", "ITMO.Course.CPP.Lab1.Test1\ITMO.Course.CPP.Lab1.Test1.vcxproj", "{2B16A4C7-A9DF-408A-B8D3-626333F24FC7}"
EndProject
Project("{8BC9CEB8-8B4A-11D0-8D11-00A0C91BC942}") = "ITMO.Course.CPP.Lab2.Ex1", "ITMO.Course.CPP.Lab2.Ex1\ITMO.Course.CPP.Lab2.Ex1.vcxproj", "{F4629BF5-29B3-4711-9B80-602BFF8A930C}"
EndProject
Project("{8BC9CEB8-8B4A-11D0-8D11-00A0C91BC942}") = "ITMO.Course.CPP.Lab2.Test1", "ITMO.Course.CPP.Lab2.Test1\ITMO.Course.CPP.Lab2.Test1.vcxproj", "{52886054-42BD-4ABA-8A26-167558644260}"
EndProject
Project("{8BC9CEB8-8B4A-11D0-8D11-00A0C91BC942}") = "ITMO.Course.CPP.Lab2.Test2", "ITMO.Course.CPP.Lab2.Test2\ITMO.Course.CPP.Lab2.Test2.vcxproj", "{E2E251E0-F9E9-49F9-A30B-18E4E552F7B3}"
EndProject
Project("{8BC9CEB8-8B4A-11D0-8D11-00A0C91BC942}") = "ITMO.Course.CPP.Lab1.Ex3", "ITMO.Course.CPP.Lab1.Ex3\ITMO.Course.CPP.Lab1.Ex3.vcxproj", "{7FFE30B5-EBF9-45BA-8B66-A3F7142A8BDB}"
EndProject
Project("{8BC9CEB8-8B4A-11D0-8D11-00A0C91BC942}") = "ITMO.Course.CPP.Lab2.Ex2", "ITMO.Course.CPP.Lab2.Ex2\ITMO.Course.CPP.Lab2.Ex2.vcxproj", "{1EDF48E4-E769-48DF-847E-63DC46B879EE}"
EndProject
Project("{8BC9CEB8-8B4A-11D0-8D11-00A0C91BC942}") = "ITMO.Course.CPP.Lab2.Ex3", "ITMO.Course.CPP.Lab2.Ex3\ITMO.Course.CPP.Lab2.Ex3.vcxproj", "{8CBAA14C-2940-4830-B6B3-C8549902EC96}"
EndProject
Project("{8BC9CEB8-8B4A-11D0-8D11-00A0C91BC942}") = "ITMO.Course.CPP.Lab2.Ex4", "ITMO.Course.CPP.Lab2.Ex4\ITMO.Course.CPP.Lab2.Ex4.vcxproj", "{37FDF274-F0B4-4DFE-8062-ADC344D7A444}"
EndProject
Project("{8BC9CEB8-8B4A-11D0-8D11-00A0C91BC942}") = "ITMO.Course.CPP.Lab2.Test3", "ITMO.Course.CPP.Lab2.Test3\ITMO.Course.CPP.Lab2.Test3.vcxproj", "{2EB3959B-1542-4530-A804-DFCE5FE88967}"
EndProject
Project("{8BC9CEB8-8B4A-11D0-8D11-00A0C91BC942}") = "ITMO.Course.CPP.Lab2.Test4", "ITMO.Course.CPP.Lab2.Test4\ITMO.Course.CPP.Lab2.Test4.vcxproj", "{1865FC01-5E83-4583-AE05-414C1347A9D7}"
EndProject
Project("{8BC9CEB8-8B4A-11D0-8D11-00A0C91BC942}") = "ITMO.Course.CPP.Lab3.Ex1", "ITMO.Course.CPP.Lab3.Ex1\ITMO.Course.CPP.Lab3.Ex1.vcxproj", "{7F17651F-D2B5-4FD9-BE96-820BD4256124}"
EndProject
Project("{8BC9CEB8-8B4A-11D0-8D11-00A0C91BC942}") = "ITMO.Course.CPP.Lab3.Ex2", "ITMO.Course.CPP.Lab3.Ex2\ITMO.Course.CPP.Lab3.Ex2.vcxproj", "{CA2CFC36-FCE4-44C2-ABB7-D4BAB5C7FFF4}"
EndProject
Project("{8BC9CEB8-8B4A-11D0-8D11-00A0C91BC942}") = "ITMO.Course.CPP.Lab3.Ex3", "ITMO.Course.CPP.Lab3.Ex3\ITMO.Course.CPP.Lab3.Ex3.vcxproj", "{6447E5A0-8A3F-4D03-B308-9D816ECE62CF}"
EndProject
Project("{8BC9CEB8-8B4A-11D0-8D11-00A0C91BC942}") = "ITMO.Course.CPP.Lab3.Ex4", "ITMO.Course.CPP.Lab3.Ex4\ITMO.Course.CPP.Lab3.Ex4.vcxproj", "{3CFDF841-E7DE-4721-8627-0DA99A44FEA0}"
EndProject
Project("{8BC9CEB8-8B4A-11D0-8D11-00A0C91BC942}") = "ITMO.Course.CPP.Lab3.Test1", "ITMO.Course.CPP.Lab3.Test1\ITMO.Course.CPP.Lab3.Test1.vcxproj", "{0CA53D21-14A9-4CAC-B114-1E37DA23D4A9}"
EndProject
Project("{8BC9CEB8-8B4A-11D0-8D11-00A0C91BC942}") = "ITMO.Course.CPP.Lab3.Test2", "ITMO.Course.CPP.Lab3.Test2\ITMO.Course.CPP.Lab3.Test2.vcxproj", "{A51CDC9D-3EE0-4688-8F28-C059098B1DFD}"
EndProject
Project("{8BC9CEB8-8B4A-11D0-8D11-00A0C91BC942}") = "ITMO.Course.CPP.Lab3.Test3", "ITMO.Course.CPP.Lab3.Test3\ITMO.Course.CPP.Lab3.Test3.vcxproj", "{ABBF2955-5F6C-40A3-A77B-C40398751B12}"
EndProject
Project("{8BC9CEB8-8B4A-11D0-8D11-00A0C91BC942}") = "ITMO.Course.CPP.Lab3.Test4", "ITMO.Course.CPP.Lab3.Test4\ITMO.Course.CPP.Lab3.Test4.vcxproj", "{C87908EB-28D3-4959-A33B-A9099B4BE746}"
EndProject
Project("{8BC9CEB8-8B4A-11D0-8D11-00A0C91BC942}") = "ITMO.Course.CPP.Lab3.Test5", "ITMO.Course.CPP.Lab3.Test5\ITMO.Course.CPP.Lab3.Test5.vcxproj", "{C311CEA0-1B1B-4EA2-A11D-275E10CA7726}"
EndProject
Project("{8BC9CEB8-8B4A-11D0-8D11-00A0C91BC942}") = "ITMO.Course.CPP.Lab4.Ex1", "ITMO.Course.CPP.Lab4.Ex1\ITMO.Course.CPP.Lab4.Ex1.vcxproj", "{5990680C-8C76-4DC8-A04C-5482D5834524}"
EndProject
Project("{8BC9CEB8-8B4A-11D0-8D11-00A0C91BC942}") = "ITMO.Course.CPP.Lab4.Ex2", "ITMO.Course.CPP.Lab4.Ex2\ITMO.Course.CPP.Lab4.Ex2.vcxproj", "{17F8ACFC-872E-4B5D-A448-2F04BB9C1E07}"
EndProject
Project("{8BC9CEB8-8B4A-11D0-8D11-00A0C91BC942}") = "ITMO.Course.CPP.Lab4.Test1", "ITMO.Course.CPP.Lab4.Test1\ITMO.Course.CPP.Lab4.Test1.vcxproj", "{B0B84C42-BE5D-4B7B-97C6-AA010818C4D1}"
EndProject
Project("{8BC9CEB8-8B4A-11D0-8D11-00A0C91BC942}") = "ITMO.Course.CPP.Lab4.Test2", "ITMO.Course.CPP.Lab4.Test2\ITMO.Course.CPP.Lab4.Test2.vcxproj", "{503E1314-0C6F-4404-8E8F-CCBA34A70310}"
EndProject
Project("{8BC9CEB8-8B4A-11D0-8D11-00A0C91BC942}") = "ITMO.Course.CPP.Lab5.Ex1", "ITMO.Course.CPP.Lab5.Ex1\ITMO.Course.CPP.Lab5.Ex1.vcxproj", "{A3EF2D58-D67D-49C9-A853-0B6C125C4885}"
EndProject
Project("{8BC9CEB8-8B4A-11D0-8D11-00A0C91BC942}") = "ITMO.Course.CPP.Lab5.Ex2", "ITMO.Course.CPP.Lab5.Ex2\ITMO.Course.CPP.Lab5.Ex2.vcxproj", "{0C70BBC8-B630-4823-BD2D-E09E8481E9CB}"
EndProject
Project("{8BC9CEB8-8B4A-11D0-8D11-00A0C91BC942}") = "ITMO.Course.CPP.Lab5.Ex3", "ITMO.Course.CPP.Lab5.Ex3\ITMO.Course.CPP.Lab5.Ex3.vcxproj", "{DFD9E9AE-5FAA-47D5-8062-50503EF32EDD}"
EndProject
Project("{8BC9CEB8-8B4A-11D0-8D11-00A0C91BC942}") = "ITMO.Course.CPP.Lab5.Ex4", "ITMO.Course.CPP.Lab5.Ex4\ITMO.Course.CPP.Lab5.Ex4.vcxproj", "{90D7928F-05AF-46C7-8263-731809A25722}"
EndProject
Project("{8BC9CEB8-8B4A-11D0-8D11-00A0C91BC942}") = "ITMO.Course.CPP.Lab5.Ex5", "ITMO.Course.CPP.Lab5.Ex5\ITMO.Course.CPP.Lab5.Ex5.vcxproj", "{B7F7EF96-D5DB-4F85-8E79-085EFBD83678}"
EndProject
Project("{8BC9CEB8-8B4A-11D0-8D11-00A0C91BC942}") = "ITMO.Course.CPP.Lab6.Ex1", "ITMO.Course.CPP.Lab6.Ex1\ITMO.Course.CPP.Lab6.Ex1.vcxproj", "{D9F24288-1946-464C-8435-832DF8CC3092}"
EndProject
Project("{8BC9CEB8-8B4A-11D0-8D11-00A0C91BC942}") = "ITMO.Course.CPP.Lab5.Test1", "ITMO.Course.CPP.Lab5.Test1\ITMO.Course.CPP.Lab5.Test1.vcxproj", "{02B195D0-9D4E-452A-928F-0DA9EABE31E7}"
EndProject
Project("{8BC9CEB8-8B4A-11D0-8D11-00A0C91BC942}") = "ITMO.Course.CPP.Lab5.Test2", "ITMO.Course.CPP.Lab5.Test2\ITMO.Course.CPP.Lab5.Test2.vcxproj", "{1AB36676-B4D8-4973-9800-9AE81B06E07C}"
EndProject
Project("{8BC9CEB8-8B4A-11D0-8D11-00A0C91BC942}") = "ITMO.Course.CPP.Lab5.Test3", "ITMO.Course.CPP.Lab5.Test3\ITMO.Course.CPP.Lab5.Test3.vcxproj", "{883595F1-709B-4C0E-A58B-4EC69307DF26}"
EndProject
Project("{8BC9CEB8-8B4A-11D0-8D11-00A0C91BC942}") = "ITMO.Course.CPP.Lab5.Test4", "ITMO.Course.CPP.Lab5.Test4\ITMO.Course.CPP.Lab5.Test4.vcxproj", "{A8795763-D8F5-43FE-8358-0469E31668D1}"
EndProject
Project("{8BC9CEB8-8B4A-11D0-8D11-00A0C91BC942}") = "ITMO.Course.CPP.Lab6.Test1", "ITMO.Course.CPP.Lab6.Test1\ITMO.Course.CPP.Lab6.Test1.vcxproj", "{71D30432-0480-470E-A449-CD99886633C7}"
EndProject
Project("{8BC9CEB8-8B4A-11D0-8D11-00A0C91BC942}") = "ITMO.Course.CPP.Lab6.Test2", "ITMO.Course.CPP.Lab6.Test2\ITMO.Course.CPP.Lab6.Test2.vcxproj", "{8FFF9A4B-6E37-4F8E-9F83-E056C4E137E2}"
EndProject
Project("{8BC9CEB8-8B4A-11D0-8D11-00A0C91BC942}") = "ITMO.Course.CPP.Lab7.Ex1", "ITMO.Course.CPP.Lab7.Ex1\ITMO.Course.CPP.Lab7.Ex1.vcxproj", "{37D054A3-4D5F-495F-8F69-C3A39F164331}"
EndProject
Project("{8BC9CEB8-8B4A-11D0-8D11-00A0C91BC942}") = "ITMO.Course.CPP.Lab7.Ex3", "ITMO.Course.CPP.Lab7.Ex3\ITMO.Course.CPP.Lab7.Ex3.vcxproj", "{53C4EE49-0ADB-4195-9E61-6E1B508E34C3}"
EndProject
Project("{8BC9CEB8-8B4A-11D0-8D11-00A0C91BC942}") = "ITMO.Course.CPP.Lab7.Ex4", "ITMO.Course.CPP.Lab7.Ex4\ITMO.Course.CPP.Lab7.Ex4.vcxproj", "{C8E52266-A60F-4D2B-9F48-34A486ACAB96}"
EndProject
Project("{8BC9CEB8-8B4A-11D0-8D11-00A0C91BC942}") = "ITMO.Course.CPP.Lab7.Ex5", "ITMO.Course.CPP.Lab7.Ex5\ITMO.Course.CPP.Lab7.Ex5.vcxproj", "{EFC0498F-2AAD-43F4-9D25-B292BB2A635A}"
EndProject
Project("{8BC9CEB8-8B4A-11D0-8D11-00A0C91BC942}") = "ITMO.Course.CPP.Lab7.Test1", "ITMO.Course.CPP.Lab7.Test1\ITMO.Course.CPP.Lab7.Test1.vcxproj", "{255104FF-9F7D-40FF-B1C9-524AEBC0DC8F}"
EndProject
Project("{8BC9CEB8-8B4A-11D0-8D11-00A0C91BC942}") = "ITMO.Course.CPP.Lab7.Test2", "ITMO.Course.CPP.Lab7.Test2\ITMO.Course.CPP.Lab7.Test2.vcxproj", "{3527B9BC-CC75-4239-AE7B-4DC70E6B9FC5}"
EndProject
Project("{8BC9CEB8-8B4A-11D0-8D11-00A0C91BC942}") = "ITMO.Course.CPP.Lab7.Test3", "ITMO.Course.CPP.Lab7.Test3\ITMO.Course.CPP.Lab7.Test3.vcxproj", "{D36FAE7E-362C-4148-9ED6-90DF8DAAEF92}"
EndProject
Project("{8BC9CEB8-8B4A-11D0-8D11-00A0C91BC942}") = "ITMO.Course.CPP.Lab8.Ex1", "ITMO.Course.CPP.Lab8.Ex1\ITMO.Course.CPP.Lab8.Ex1.vcxproj", "{3A28C540-8FCB-4386-A20A-E46A63890D78}"
EndProject
Project("{8BC9CEB8-8B4A-11D0-8D11-00A0C91BC942}") = "ITMO.Course.CPP.Lab8.Ex2", "ITMO.Course.CPP.Lab8.Ex2\ITMO.Course.CPP.Lab8.Ex2.vcxproj", "{E95F0AFE-4B9C-4791-9AEF-FB7730CA5DCF}"
EndProject
Project("{8BC9CEB8-8B4A-11D0-8D11-00A0C91BC942}") = "ITMO.Course.CPP.Lab8.Ex3", "ITMO.Course.CPP.Lab8.Ex3\ITMO.Course.CPP.Lab8.Ex3.vcxproj", "{FA839DD8-DB6D-4371-8A9D-F34AC7905237}"
EndProject
Project("{8BC9CEB8-8B4A-11D0-8D11-00A0C91BC942}") = "ITMO.Course.CPP.Lab8.Ex4", "ITMO.Course.CPP.Lab8.Ex4\ITMO.Course.CPP.Lab8.Ex4.vcxproj", "{C30C29F8-AF09-4880-9CA9-E079B11610E3}"
EndProject
Project("{8BC9CEB8-8B4A-11D0-8D11-00A0C91BC942}") = "ITMO.Course.CPP.Lab8.Ex5", "ITMO.Course.CPP.Lab8.Ex5\ITMO.Course.CPP.Lab8.Ex5.vcxproj", "{B8E6A1CB-A424-4391-BA27-4A4BD9BF58F5}"
EndProject
Project("{8BC9CEB8-8B4A-11D0-8D11-00A0C91BC942}") = "ITMO.Course.CPP.Lab8.Test1", "ITMO.Course.CPP.Lab8.Test1\ITMO.Course.CPP.Lab8.Test1.vcxproj", "{1A8BB0A7-7056-4511-8495-AF652A30E70E}"
EndProject
Project("{8BC9CEB8-8B4A-11D0-8D11-00A0C91BC942}") = "ITMO.Course.CPP.Lab9.Ex1", "ITMO.Course.CPP.Lab9.Ex1\ITMO.Course.CPP.Lab9.Ex1.vcxproj", "{C64460DB-1E1B-4C40-8B64-8FB7C27F557A}"
EndProject
Project("{8BC9CEB8-8B4A-11D0-8D11-00A0C91BC942}") = "ITMO.Course.CPP.Lab9.Ex2", "ITMO.Course.CPP.Lab9.Ex2\ITMO.Course.CPP.Lab9.Ex2.vcxproj", "{B5BC0B57-3EB9-484A-A012-49D1DE20876A}"
EndProject
Project("{8BC9CEB8-8B4A-11D0-8D11-00A0C91BC942}") = "ITMO.Course.CPP.Lab9.Ex3", "ITMO.Course.CPP.Lab9.Ex3\ITMO.Course.CPP.Lab9.Ex3.vcxproj", "{07792DE2-478A-4C3D-871F-D959BA6BE5F0}"
EndProject
Project("{8BC9CEB8-8B4A-11D0-8D11-00A0C91BC942}") = "ITMO.Course.CPP.Lab9.Test1", "ITMO.Course.CPP.Lab9.Test1\ITMO.Course.CPP.Lab9.Test1.vcxproj", "{7AD60F1B-C12F-4588-AC3A-8A95AD0D9BAE}"
EndProject
Project("{8BC9CEB8-8B4A-11D0-8D11-00A0C91BC942}") = "ITMO.Course.CPP.Lab9.Test2", "ITMO.Course.CPP.Lab9.Test2\ITMO.Course.CPP.Lab9.Test2.vcxproj", "{F0A6F048-F30C-4797-A53A-D743D2951CE4}"
EndProject
Project("{8BC9CEB8-8B4A-11D0-8D11-00A0C91BC942}") = "ITMO.Course.CPP.Lab10.Ex1", "ITMO.Course.CPP.Lab10.Ex1\ITMO.Course.CPP.Lab10.Ex1.vcxproj", "{0050306D-B9ED-4CA7-A62C-FD53018BDC50}"
EndProject
Project("{8BC9CEB8-8B4A-11D0-8D11-00A0C91BC942}") = "ITMO.Course.CPP.Lab10.Test1", "ITMO.Course.CPP.Lab10.Test1\ITMO.Course.CPP.Lab10.Test1.vcxproj", "{0FDD9877-317B-473E-8C32-1AB0AAEE1CEB}"
EndProject
Project("{8BC9CEB8-8B4A-11D0-8D11-00A0C91BC942}") = "ITMO.Course.CPP.Lab11.Ex1", "ITMO.Course.CPP.Lab11.Ex1\ITMO.Course.CPP.Lab11.Ex1.vcxproj", "{DC97B759-6D59-4FC3-9E7F-39502CAA52CE}"
EndProject
Project("{8BC9CEB8-8B4A-11D0-8D11-00A0C91BC942}") = "ITMO.Course.CPP.Lab11.Ex2,3", "ITMO.Course.CPP.Lab11.Ex2,3\ITMO.Course.CPP.Lab11.Ex2,3.vcxproj", "{FB05D040-F045-479D-B6BA-C77FB2A574E3}"
EndProject
Project("{8BC9CEB8-8B4A-11D0-8D11-00A0C91BC942}") = "ITMO.Course.CPP.Lab11.Ex4", "ITMO.Course.CPP.Lab11.Ex4\ITMO.Course.CPP.Lab11.Ex4.vcxproj", "{32B2113A-E7AD-423D-99A1-2939E618D90F}"
EndProject
Project("{8BC9CEB8-8B4A-11D0-8D11-00A0C91BC942}") = "ITMO.Course.CPP.Lab11.Test2", "ITMO.Course.CPP.Lab11.Test2\ITMO.Course.CPP.Lab11.Test2.vcxproj", "{A8AB4330-9BF3-4FB2-9F13-4C224176A5E2}"
EndProject
Project("{8BC9CEB8-8B4A-11D0-8D11-00A0C91BC942}") = "ITMO.Course.CPP.Lab11.Test1", "ITMO.Course.CPP.Lab11.Test1\ITMO.Course.CPP.Lab11.Test1.vcxproj", "{29126840-C7AC-442B-BC64-40EE3B2EEC6E}"
EndProject
Project("{8BC9CEB8-8B4A-11D0-8D11-00A0C91BC942}") = "ITMO.Course.CPP.Test1", "ITMO.Course.CPP.Test1\ITMO.Course.CPP.Test1.vcxproj", "{CFA8DC7B-AAF0-47EC-AD28-0EC4375F08A5}"
EndProject
Project("{8BC9CEB8-8B4A-11D0-8D11-00A0C91BC942}") = "ITMO.Course.CPP.Test2", "ITMO.Course.CPP.Test2\ITMO.Course.CPP.Test2.vcxproj", "{24AD9BB3-6017-4C1A-BDC3-EC143671A22D}"
EndProject
Project("{8BC9CEB8-8B4A-11D0-8D11-00A0C91BC942}") = "ITMO.Course.CPP.Test3", "ITMO.Course.CPP.Test3\ITMO.Course.CPP.Test3.vcxproj", "{B14CE888-C34E-41E3-9A63-7CFEB8B395BF}"
EndProject
Project("{8BC9CEB8-8B4A-11D0-8D11-00A0C91BC942}") = "ITMO.Course.CPP.Test4", "ITMO.Course.CPP.Test4\ITMO.Course.CPP.Test4.vcxproj", "{B5E86F07-FE64-4D3A-B4BE-BCFE9D8481C2}"
EndProject
Project("{8BC9CEB8-8B4A-11D0-8D11-00A0C91BC942}") = "ITMO.Course.CPP.FinalTask", "ITMO.Course.CPP.FinalTask\ITMO.Course.CPP.FinalTask.vcxproj", "{781C5952-3362-4C82-A040-EA3F38E4F70B}"
EndProject
Global
	GlobalSection(SolutionConfigurationPlatforms) = preSolution
		Debug|x64 = Debug|x64
		Debug|x86 = Debug|x86
		Release|x64 = Release|x64
		Release|x86 = Release|x86
	EndGlobalSection
	GlobalSection(ProjectConfigurationPlatforms) = postSolution
		{716C0439-9C15-4546-9F99-C506DC1B1EB0}.Debug|x64.ActiveCfg = Debug|x64
		{716C0439-9C15-4546-9F99-C506DC1B1EB0}.Debug|x64.Build.0 = Debug|x64
		{716C0439-9C15-4546-9F99-C506DC1B1EB0}.Debug|x86.ActiveCfg = Debug|Win32
		{716C0439-9C15-4546-9F99-C506DC1B1EB0}.Debug|x86.Build.0 = Debug|Win32
		{716C0439-9C15-4546-9F99-C506DC1B1EB0}.Release|x64.ActiveCfg = Release|x64
		{716C0439-9C15-4546-9F99-C506DC1B1EB0}.Release|x64.Build.0 = Release|x64
		{716C0439-9C15-4546-9F99-C506DC1B1EB0}.Release|x86.ActiveCfg = Release|Win32
		{716C0439-9C15-4546-9F99-C506DC1B1EB0}.Release|x86.Build.0 = Release|Win32
		{06610202-D0C2-41BF-80E1-1105FDEAC8B5}.Debug|x64.ActiveCfg = Debug|x64
		{06610202-D0C2-41BF-80E1-1105FDEAC8B5}.Debug|x64.Build.0 = Debug|x64
		{06610202-D0C2-41BF-80E1-1105FDEAC8B5}.Debug|x86.ActiveCfg = Debug|Win32
		{06610202-D0C2-41BF-80E1-1105FDEAC8B5}.Debug|x86.Build.0 = Debug|Win32
		{06610202-D0C2-41BF-80E1-1105FDEAC8B5}.Release|x64.ActiveCfg = Release|x64
		{06610202-D0C2-41BF-80E1-1105FDEAC8B5}.Release|x64.Build.0 = Release|x64
		{06610202-D0C2-41BF-80E1-1105FDEAC8B5}.Release|x86.ActiveCfg = Release|Win32
		{06610202-D0C2-41BF-80E1-1105FDEAC8B5}.Release|x86.Build.0 = Release|Win32
		{2B16A4C7-A9DF-408A-B8D3-626333F24FC7}.Debug|x64.ActiveCfg = Debug|x64
		{2B16A4C7-A9DF-408A-B8D3-626333F24FC7}.Debug|x64.Build.0 = Debug|x64
		{2B16A4C7-A9DF-408A-B8D3-626333F24FC7}.Debug|x86.ActiveCfg = Debug|Win32
		{2B16A4C7-A9DF-408A-B8D3-626333F24FC7}.Debug|x86.Build.0 = Debug|Win32
		{2B16A4C7-A9DF-408A-B8D3-626333F24FC7}.Release|x64.ActiveCfg = Release|x64
		{2B16A4C7-A9DF-408A-B8D3-626333F24FC7}.Release|x64.Build.0 = Release|x64
		{2B16A4C7-A9DF-408A-B8D3-626333F24FC7}.Release|x86.ActiveCfg = Release|Win32
		{2B16A4C7-A9DF-408A-B8D3-626333F24FC7}.Release|x86.Build.0 = Release|Win32
		{F4629BF5-29B3-4711-9B80-602BFF8A930C}.Debug|x64.ActiveCfg = Debug|x64
		{F4629BF5-29B3-4711-9B80-602BFF8A930C}.Debug|x64.Build.0 = Debug|x64
		{F4629BF5-29B3-4711-9B80-602BFF8A930C}.Debug|x86.ActiveCfg = Debug|Win32
		{F4629BF5-29B3-4711-9B80-602BFF8A930C}.Debug|x86.Build.0 = Debug|Win32
		{F4629BF5-29B3-4711-9B80-602BFF8A930C}.Release|x64.ActiveCfg = Release|x64
		{F4629BF5-29B3-4711-9B80-602BFF8A930C}.Release|x64.Build.0 = Release|x64
		{F4629BF5-29B3-4711-9B80-602BFF8A930C}.Release|x86.ActiveCfg = Release|Win32
		{F4629BF5-29B3-4711-9B80-602BFF8A930C}.Release|x86.Build.0 = Release|Win32
		{52886054-42BD-4ABA-8A26-167558644260}.Debug|x64.ActiveCfg = Debug|x64
		{52886054-42BD-4ABA-8A26-167558644260}.Debug|x64.Build.0 = Debug|x64
		{52886054-42BD-4ABA-8A26-167558644260}.Debug|x86.ActiveCfg = Debug|Win32
		{52886054-42BD-4ABA-8A26-167558644260}.Debug|x86.Build.0 = Debug|Win32
		{52886054-42BD-4ABA-8A26-167558644260}.Release|x64.ActiveCfg = Release|x64
		{52886054-42BD-4ABA-8A26-167558644260}.Release|x64.Build.0 = Release|x64
		{52886054-42BD-4ABA-8A26-167558644260}.Release|x86.ActiveCfg = Release|Win32
		{52886054-42BD-4ABA-8A26-167558644260}.Release|x86.Build.0 = Release|Win32
		{E2E251E0-F9E9-49F9-A30B-18E4E552F7B3}.Debug|x64.ActiveCfg = Debug|x64
		{E2E251E0-F9E9-49F9-A30B-18E4E552F7B3}.Debug|x64.Build.0 = Debug|x64
		{E2E251E0-F9E9-49F9-A30B-18E4E552F7B3}.Debug|x86.ActiveCfg = Debug|Win32
		{E2E251E0-F9E9-49F9-A30B-18E4E552F7B3}.Debug|x86.Build.0 = Debug|Win32
		{E2E251E0-F9E9-49F9-A30B-18E4E552F7B3}.Release|x64.ActiveCfg = Release|x64
		{E2E251E0-F9E9-49F9-A30B-18E4E552F7B3}.Release|x64.Build.0 = Release|x64
		{E2E251E0-F9E9-49F9-A30B-18E4E552F7B3}.Release|x86.ActiveCfg = Release|Win32
		{E2E251E0-F9E9-49F9-A30B-18E4E552F7B3}.Release|x86.Build.0 = Release|Win32
		{7FFE30B5-EBF9-45BA-8B66-A3F7142A8BDB}.Debug|x64.ActiveCfg = Debug|x64
		{7FFE30B5-EBF9-45BA-8B66-A3F7142A8BDB}.Debug|x64.Build.0 = Debug|x64
		{7FFE30B5-EBF9-45BA-8B66-A3F7142A8BDB}.Debug|x86.ActiveCfg = Debug|Win32
		{7FFE30B5-EBF9-45BA-8B66-A3F7142A8BDB}.Debug|x86.Build.0 = Debug|Win32
		{7FFE30B5-EBF9-45BA-8B66-A3F7142A8BDB}.Release|x64.ActiveCfg = Release|x64
		{7FFE30B5-EBF9-45BA-8B66-A3F7142A8BDB}.Release|x64.Build.0 = Release|x64
		{7FFE30B5-EBF9-45BA-8B66-A3F7142A8BDB}.Release|x86.ActiveCfg = Release|Win32
		{7FFE30B5-EBF9-45BA-8B66-A3F7142A8BDB}.Release|x86.Build.0 = Release|Win32
		{1EDF48E4-E769-48DF-847E-63DC46B879EE}.Debug|x64.ActiveCfg = Debug|x64
		{1EDF48E4-E769-48DF-847E-63DC46B879EE}.Debug|x64.Build.0 = Debug|x64
		{1EDF48E4-E769-48DF-847E-63DC46B879EE}.Debug|x86.ActiveCfg = Debug|Win32
		{1EDF48E4-E769-48DF-847E-63DC46B879EE}.Debug|x86.Build.0 = Debug|Win32
		{1EDF48E4-E769-48DF-847E-63DC46B879EE}.Release|x64.ActiveCfg = Release|x64
		{1EDF48E4-E769-48DF-847E-63DC46B879EE}.Release|x64.Build.0 = Release|x64
		{1EDF48E4-E769-48DF-847E-63DC46B879EE}.Release|x86.ActiveCfg = Release|Win32
		{1EDF48E4-E769-48DF-847E-63DC46B879EE}.Release|x86.Build.0 = Release|Win32
		{8CBAA14C-2940-4830-B6B3-C8549902EC96}.Debug|x64.ActiveCfg = Debug|x64
		{8CBAA14C-2940-4830-B6B3-C8549902EC96}.Debug|x64.Build.0 = Debug|x64
		{8CBAA14C-2940-4830-B6B3-C8549902EC96}.Debug|x86.ActiveCfg = Debug|Win32
		{8CBAA14C-2940-4830-B6B3-C8549902EC96}.Debug|x86.Build.0 = Debug|Win32
		{8CBAA14C-2940-4830-B6B3-C8549902EC96}.Release|x64.ActiveCfg = Release|x64
		{8CBAA14C-2940-4830-B6B3-C8549902EC96}.Release|x64.Build.0 = Release|x64
		{8CBAA14C-2940-4830-B6B3-C8549902EC96}.Release|x86.ActiveCfg = Release|Win32
		{8CBAA14C-2940-4830-B6B3-C8549902EC96}.Release|x86.Build.0 = Release|Win32
		{37FDF274-F0B4-4DFE-8062-ADC344D7A444}.Debug|x64.ActiveCfg = Debug|x64
		{37FDF274-F0B4-4DFE-8062-ADC344D7A444}.Debug|x64.Build.0 = Debug|x64
		{37FDF274-F0B4-4DFE-8062-ADC344D7A444}.Debug|x86.ActiveCfg = Debug|Win32
		{37FDF274-F0B4-4DFE-8062-ADC344D7A444}.Debug|x86.Build.0 = Debug|Win32
		{37FDF274-F0B4-4DFE-8062-ADC344D7A444}.Release|x64.ActiveCfg = Release|x64
		{37FDF274-F0B4-4DFE-8062-ADC344D7A444}.Release|x64.Build.0 = Release|x64
		{37FDF274-F0B4-4DFE-8062-ADC344D7A444}.Release|x86.ActiveCfg = Release|Win32
		{37FDF274-F0B4-4DFE-8062-ADC344D7A444}.Release|x86.Build.0 = Release|Win32
		{2EB3959B-1542-4530-A804-DFCE5FE88967}.Debug|x64.ActiveCfg = Debug|x64
		{2EB3959B-1542-4530-A804-DFCE5FE88967}.Debug|x64.Build.0 = Debug|x64
		{2EB3959B-1542-4530-A804-DFCE5FE88967}.Debug|x86.ActiveCfg = Debug|Win32
		{2EB3959B-1542-4530-A804-DFCE5FE88967}.Debug|x86.Build.0 = Debug|Win32
		{2EB3959B-1542-4530-A804-DFCE5FE88967}.Release|x64.ActiveCfg = Release|x64
		{2EB3959B-1542-4530-A804-DFCE5FE88967}.Release|x64.Build.0 = Release|x64
		{2EB3959B-1542-4530-A804-DFCE5FE88967}.Release|x86.ActiveCfg = Release|Win32
		{2EB3959B-1542-4530-A804-DFCE5FE88967}.Release|x86.Build.0 = Release|Win32
		{1865FC01-5E83-4583-AE05-414C1347A9D7}.Debug|x64.ActiveCfg = Debug|x64
		{1865FC01-5E83-4583-AE05-414C1347A9D7}.Debug|x64.Build.0 = Debug|x64
		{1865FC01-5E83-4583-AE05-414C1347A9D7}.Debug|x86.ActiveCfg = Debug|Win32
		{1865FC01-5E83-4583-AE05-414C1347A9D7}.Debug|x86.Build.0 = Debug|Win32
		{1865FC01-5E83-4583-AE05-414C1347A9D7}.Release|x64.ActiveCfg = Release|x64
		{1865FC01-5E83-4583-AE05-414C1347A9D7}.Release|x64.Build.0 = Release|x64
		{1865FC01-5E83-4583-AE05-414C1347A9D7}.Release|x86.ActiveCfg = Release|Win32
		{1865FC01-5E83-4583-AE05-414C1347A9D7}.Release|x86.Build.0 = Release|Win32
		{7F17651F-D2B5-4FD9-BE96-820BD4256124}.Debug|x64.ActiveCfg = Debug|x64
		{7F17651F-D2B5-4FD9-BE96-820BD4256124}.Debug|x64.Build.0 = Debug|x64
		{7F17651F-D2B5-4FD9-BE96-820BD4256124}.Debug|x86.ActiveCfg = Debug|Win32
		{7F17651F-D2B5-4FD9-BE96-820BD4256124}.Debug|x86.Build.0 = Debug|Win32
		{7F17651F-D2B5-4FD9-BE96-820BD4256124}.Release|x64.ActiveCfg = Release|x64
		{7F17651F-D2B5-4FD9-BE96-820BD4256124}.Release|x64.Build.0 = Release|x64
		{7F17651F-D2B5-4FD9-BE96-820BD4256124}.Release|x86.ActiveCfg = Release|Win32
		{7F17651F-D2B5-4FD9-BE96-820BD4256124}.Release|x86.Build.0 = Release|Win32
		{CA2CFC36-FCE4-44C2-ABB7-D4BAB5C7FFF4}.Debug|x64.ActiveCfg = Debug|x64
		{CA2CFC36-FCE4-44C2-ABB7-D4BAB5C7FFF4}.Debug|x64.Build.0 = Debug|x64
		{CA2CFC36-FCE4-44C2-ABB7-D4BAB5C7FFF4}.Debug|x86.ActiveCfg = Debug|Win32
		{CA2CFC36-FCE4-44C2-ABB7-D4BAB5C7FFF4}.Debug|x86.Build.0 = Debug|Win32
		{CA2CFC36-FCE4-44C2-ABB7-D4BAB5C7FFF4}.Release|x64.ActiveCfg = Release|x64
		{CA2CFC36-FCE4-44C2-ABB7-D4BAB5C7FFF4}.Release|x64.Build.0 = Release|x64
		{CA2CFC36-FCE4-44C2-ABB7-D4BAB5C7FFF4}.Release|x86.ActiveCfg = Release|Win32
		{CA2CFC36-FCE4-44C2-ABB7-D4BAB5C7FFF4}.Release|x86.Build.0 = Release|Win32
		{6447E5A0-8A3F-4D03-B308-9D816ECE62CF}.Debug|x64.ActiveCfg = Debug|x64
		{6447E5A0-8A3F-4D03-B308-9D816ECE62CF}.Debug|x64.Build.0 = Debug|x64
		{6447E5A0-8A3F-4D03-B308-9D816ECE62CF}.Debug|x86.ActiveCfg = Debug|Win32
		{6447E5A0-8A3F-4D03-B308-9D816ECE62CF}.Debug|x86.Build.0 = Debug|Win32
		{6447E5A0-8A3F-4D03-B308-9D816ECE62CF}.Release|x64.ActiveCfg = Release|x64
		{6447E5A0-8A3F-4D03-B308-9D816ECE62CF}.Release|x64.Build.0 = Release|x64
		{6447E5A0-8A3F-4D03-B308-9D816ECE62CF}.Release|x86.ActiveCfg = Release|Win32
		{6447E5A0-8A3F-4D03-B308-9D816ECE62CF}.Release|x86.Build.0 = Release|Win32
		{3CFDF841-E7DE-4721-8627-0DA99A44FEA0}.Debug|x64.ActiveCfg = Debug|x64
		{3CFDF841-E7DE-4721-8627-0DA99A44FEA0}.Debug|x64.Build.0 = Debug|x64
		{3CFDF841-E7DE-4721-8627-0DA99A44FEA0}.Debug|x86.ActiveCfg = Debug|Win32
		{3CFDF841-E7DE-4721-8627-0DA99A44FEA0}.Debug|x86.Build.0 = Debug|Win32
		{3CFDF841-E7DE-4721-8627-0DA99A44FEA0}.Release|x64.ActiveCfg = Release|x64
		{3CFDF841-E7DE-4721-8627-0DA99A44FEA0}.Release|x64.Build.0 = Release|x64
		{3CFDF841-E7DE-4721-8627-0DA99A44FEA0}.Release|x86.ActiveCfg = Release|Win32
		{3CFDF841-E7DE-4721-8627-0DA99A44FEA0}.Release|x86.Build.0 = Release|Win32
		{0CA53D21-14A9-4CAC-B114-1E37DA23D4A9}.Debug|x64.ActiveCfg = Debug|x64
		{0CA53D21-14A9-4CAC-B114-1E37DA23D4A9}.Debug|x64.Build.0 = Debug|x64
		{0CA53D21-14A9-4CAC-B114-1E37DA23D4A9}.Debug|x86.ActiveCfg = Debug|Win32
		{0CA53D21-14A9-4CAC-B114-1E37DA23D4A9}.Debug|x86.Build.0 = Debug|Win32
		{0CA53D21-14A9-4CAC-B114-1E37DA23D4A9}.Release|x64.ActiveCfg = Release|x64
		{0CA53D21-14A9-4CAC-B114-1E37DA23D4A9}.Release|x64.Build.0 = Release|x64
		{0CA53D21-14A9-4CAC-B114-1E37DA23D4A9}.Release|x86.ActiveCfg = Release|Win32
		{0CA53D21-14A9-4CAC-B114-1E37DA23D4A9}.Release|x86.Build.0 = Release|Win32
		{A51CDC9D-3EE0-4688-8F28-C059098B1DFD}.Debug|x64.ActiveCfg = Debug|x64
		{A51CDC9D-3EE0-4688-8F28-C059098B1DFD}.Debug|x64.Build.0 = Debug|x64
		{A51CDC9D-3EE0-4688-8F28-C059098B1DFD}.Debug|x86.ActiveCfg = Debug|Win32
		{A51CDC9D-3EE0-4688-8F28-C059098B1DFD}.Debug|x86.Build.0 = Debug|Win32
		{A51CDC9D-3EE0-4688-8F28-C059098B1DFD}.Release|x64.ActiveCfg = Release|x64
		{A51CDC9D-3EE0-4688-8F28-C059098B1DFD}.Release|x64.Build.0 = Release|x64
		{A51CDC9D-3EE0-4688-8F28-C059098B1DFD}.Release|x86.ActiveCfg = Release|Win32
		{A51CDC9D-3EE0-4688-8F28-C059098B1DFD}.Release|x86.Build.0 = Release|Win32
		{ABBF2955-5F6C-40A3-A77B-C40398751B12}.Debug|x64.ActiveCfg = Debug|x64
		{ABBF2955-5F6C-40A3-A77B-C40398751B12}.Debug|x64.Build.0 = Debug|x64
		{ABBF2955-5F6C-40A3-A77B-C40398751B12}.Debug|x86.ActiveCfg = Debug|Win32
		{ABBF2955-5F6C-40A3-A77B-C40398751B12}.Debug|x86.Build.0 = Debug|Win32
		{ABBF2955-5F6C-40A3-A77B-C40398751B12}.Release|x64.ActiveCfg = Release|x64
		{ABBF2955-5F6C-40A3-A77B-C40398751B12}.Release|x64.Build.0 = Release|x64
		{ABBF2955-5F6C-40A3-A77B-C40398751B12}.Release|x86.ActiveCfg = Release|Win32
		{ABBF2955-5F6C-40A3-A77B-C40398751B12}.Release|x86.Build.0 = Release|Win32
		{C87908EB-28D3-4959-A33B-A9099B4BE746}.Debug|x64.ActiveCfg = Debug|x64
		{C87908EB-28D3-4959-A33B-A9099B4BE746}.Debug|x64.Build.0 = Debug|x64
		{C87908EB-28D3-4959-A33B-A9099B4BE746}.Debug|x86.ActiveCfg = Debug|Win32
		{C87908EB-28D3-4959-A33B-A9099B4BE746}.Debug|x86.Build.0 = Debug|Win32
		{C87908EB-28D3-4959-A33B-A9099B4BE746}.Release|x64.ActiveCfg = Release|x64
		{C87908EB-28D3-4959-A33B-A9099B4BE746}.Release|x64.Build.0 = Release|x64
		{C87908EB-28D3-4959-A33B-A9099B4BE746}.Release|x86.ActiveCfg = Release|Win32
		{C87908EB-28D3-4959-A33B-A9099B4BE746}.Release|x86.Build.0 = Release|Win32
		{C311CEA0-1B1B-4EA2-A11D-275E10CA7726}.Debug|x64.ActiveCfg = Debug|x64
		{C311CEA0-1B1B-4EA2-A11D-275E10CA7726}.Debug|x64.Build.0 = Debug|x64
		{C311CEA0-1B1B-4EA2-A11D-275E10CA7726}.Debug|x86.ActiveCfg = Debug|Win32
		{C311CEA0-1B1B-4EA2-A11D-275E10CA7726}.Debug|x86.Build.0 = Debug|Win32
		{C311CEA0-1B1B-4EA2-A11D-275E10CA7726}.Release|x64.ActiveCfg = Release|x64
		{C311CEA0-1B1B-4EA2-A11D-275E10CA7726}.Release|x64.Build.0 = Release|x64
		{C311CEA0-1B1B-4EA2-A11D-275E10CA7726}.Release|x86.ActiveCfg = Release|Win32
		{C311CEA0-1B1B-4EA2-A11D-275E10CA7726}.Release|x86.Build.0 = Release|Win32
		{5990680C-8C76-4DC8-A04C-5482D5834524}.Debug|x64.ActiveCfg = Debug|x64
		{5990680C-8C76-4DC8-A04C-5482D5834524}.Debug|x64.Build.0 = Debug|x64
		{5990680C-8C76-4DC8-A04C-5482D5834524}.Debug|x86.ActiveCfg = Debug|Win32
		{5990680C-8C76-4DC8-A04C-5482D5834524}.Debug|x86.Build.0 = Debug|Win32
		{5990680C-8C76-4DC8-A04C-5482D5834524}.Release|x64.ActiveCfg = Release|x64
		{5990680C-8C76-4DC8-A04C-5482D5834524}.Release|x64.Build.0 = Release|x64
		{5990680C-8C76-4DC8-A04C-5482D5834524}.Release|x86.ActiveCfg = Release|Win32
		{5990680C-8C76-4DC8-A04C-5482D5834524}.Release|x86.Build.0 = Release|Win32
		{17F8ACFC-872E-4B5D-A448-2F04BB9C1E07}.Debug|x64.ActiveCfg = Debug|x64
		{17F8ACFC-872E-4B5D-A448-2F04BB9C1E07}.Debug|x64.Build.0 = Debug|x64
		{17F8ACFC-872E-4B5D-A448-2F04BB9C1E07}.Debug|x86.ActiveCfg = Debug|Win32
		{17F8ACFC-872E-4B5D-A448-2F04BB9C1E07}.Debug|x86.Build.0 = Debug|Win32
		{17F8ACFC-872E-4B5D-A448-2F04BB9C1E07}.Release|x64.ActiveCfg = Release|x64
		{17F8ACFC-872E-4B5D-A448-2F04BB9C1E07}.Release|x64.Build.0 = Release|x64
		{17F8ACFC-872E-4B5D-A448-2F04BB9C1E07}.Release|x86.ActiveCfg = Release|Win32
		{17F8ACFC-872E-4B5D-A448-2F04BB9C1E07}.Release|x86.Build.0 = Release|Win32
		{B0B84C42-BE5D-4B7B-97C6-AA010818C4D1}.Debug|x64.ActiveCfg = Debug|x64
		{B0B84C42-BE5D-4B7B-97C6-AA010818C4D1}.Debug|x64.Build.0 = Debug|x64
		{B0B84C42-BE5D-4B7B-97C6-AA010818C4D1}.Debug|x86.ActiveCfg = Debug|Win32
		{B0B84C42-BE5D-4B7B-97C6-AA010818C4D1}.Debug|x86.Build.0 = Debug|Win32
		{B0B84C42-BE5D-4B7B-97C6-AA010818C4D1}.Release|x64.ActiveCfg = Release|x64
		{B0B84C42-BE5D-4B7B-97C6-AA010818C4D1}.Release|x64.Build.0 = Release|x64
		{B0B84C42-BE5D-4B7B-97C6-AA010818C4D1}.Release|x86.ActiveCfg = Release|Win32
		{B0B84C42-BE5D-4B7B-97C6-AA010818C4D1}.Release|x86.Build.0 = Release|Win32
		{503E1314-0C6F-4404-8E8F-CCBA34A70310}.Debug|x64.ActiveCfg = Debug|x64
		{503E1314-0C6F-4404-8E8F-CCBA34A70310}.Debug|x64.Build.0 = Debug|x64
		{503E1314-0C6F-4404-8E8F-CCBA34A70310}.Debug|x86.ActiveCfg = Debug|Win32
		{503E1314-0C6F-4404-8E8F-CCBA34A70310}.Debug|x86.Build.0 = Debug|Win32
		{503E1314-0C6F-4404-8E8F-CCBA34A70310}.Release|x64.ActiveCfg = Release|x64
		{503E1314-0C6F-4404-8E8F-CCBA34A70310}.Release|x64.Build.0 = Release|x64
		{503E1314-0C6F-4404-8E8F-CCBA34A70310}.Release|x86.ActiveCfg = Release|Win32
		{503E1314-0C6F-4404-8E8F-CCBA34A70310}.Release|x86.Build.0 = Release|Win32
		{A3EF2D58-D67D-49C9-A853-0B6C125C4885}.Debug|x64.ActiveCfg = Debug|x64
		{A3EF2D58-D67D-49C9-A853-0B6C125C4885}.Debug|x64.Build.0 = Debug|x64
		{A3EF2D58-D67D-49C9-A853-0B6C125C4885}.Debug|x86.ActiveCfg = Debug|Win32
		{A3EF2D58-D67D-49C9-A853-0B6C125C4885}.Debug|x86.Build.0 = Debug|Win32
		{A3EF2D58-D67D-49C9-A853-0B6C125C4885}.Release|x64.ActiveCfg = Release|x64
		{A3EF2D58-D67D-49C9-A853-0B6C125C4885}.Release|x64.Build.0 = Release|x64
		{A3EF2D58-D67D-49C9-A853-0B6C125C4885}.Release|x86.ActiveCfg = Release|Win32
		{A3EF2D58-D67D-49C9-A853-0B6C125C4885}.Release|x86.Build.0 = Release|Win32
		{0C70BBC8-B630-4823-BD2D-E09E8481E9CB}.Debug|x64.ActiveCfg = Debug|x64
		{0C70BBC8-B630-4823-BD2D-E09E8481E9CB}.Debug|x64.Build.0 = Debug|x64
		{0C70BBC8-B630-4823-BD2D-E09E8481E9CB}.Debug|x86.ActiveCfg = Debug|Win32
		{0C70BBC8-B630-4823-BD2D-E09E8481E9CB}.Debug|x86.Build.0 = Debug|Win32
		{0C70BBC8-B630-4823-BD2D-E09E8481E9CB}.Release|x64.ActiveCfg = Release|x64
		{0C70BBC8-B630-4823-BD2D-E09E8481E9CB}.Release|x64.Build.0 = Release|x64
		{0C70BBC8-B630-4823-BD2D-E09E8481E9CB}.Release|x86.ActiveCfg = Release|Win32
		{0C70BBC8-B630-4823-BD2D-E09E8481E9CB}.Release|x86.Build.0 = Release|Win32
		{DFD9E9AE-5FAA-47D5-8062-50503EF32EDD}.Debug|x64.ActiveCfg = Debug|x64
		{DFD9E9AE-5FAA-47D5-8062-50503EF32EDD}.Debug|x64.Build.0 = Debug|x64
		{DFD9E9AE-5FAA-47D5-8062-50503EF32EDD}.Debug|x86.ActiveCfg = Debug|Win32
		{DFD9E9AE-5FAA-47D5-8062-50503EF32EDD}.Debug|x86.Build.0 = Debug|Win32
		{DFD9E9AE-5FAA-47D5-8062-50503EF32EDD}.Release|x64.ActiveCfg = Release|x64
		{DFD9E9AE-5FAA-47D5-8062-50503EF32EDD}.Release|x64.Build.0 = Release|x64
		{DFD9E9AE-5FAA-47D5-8062-50503EF32EDD}.Release|x86.ActiveCfg = Release|Win32
		{DFD9E9AE-5FAA-47D5-8062-50503EF32EDD}.Release|x86.Build.0 = Release|Win32
		{90D7928F-05AF-46C7-8263-731809A25722}.Debug|x64.ActiveCfg = Debug|x64
		{90D7928F-05AF-46C7-8263-731809A25722}.Debug|x64.Build.0 = Debug|x64
		{90D7928F-05AF-46C7-8263-731809A25722}.Debug|x86.ActiveCfg = Debug|Win32
		{90D7928F-05AF-46C7-8263-731809A25722}.Debug|x86.Build.0 = Debug|Win32
		{90D7928F-05AF-46C7-8263-731809A25722}.Release|x64.ActiveCfg = Release|x64
		{90D7928F-05AF-46C7-8263-731809A25722}.Release|x64.Build.0 = Release|x64
		{90D7928F-05AF-46C7-8263-731809A25722}.Release|x86.ActiveCfg = Release|Win32
		{90D7928F-05AF-46C7-8263-731809A25722}.Release|x86.Build.0 = Release|Win32
		{B7F7EF96-D5DB-4F85-8E79-085EFBD83678}.Debug|x64.ActiveCfg = Debug|x64
		{B7F7EF96-D5DB-4F85-8E79-085EFBD83678}.Debug|x64.Build.0 = Debug|x64
		{B7F7EF96-D5DB-4F85-8E79-085EFBD83678}.Debug|x86.ActiveCfg = Debug|Win32
		{B7F7EF96-D5DB-4F85-8E79-085EFBD83678}.Debug|x86.Build.0 = Debug|Win32
		{B7F7EF96-D5DB-4F85-8E79-085EFBD83678}.Release|x64.ActiveCfg = Release|x64
		{B7F7EF96-D5DB-4F85-8E79-085EFBD83678}.Release|x64.Build.0 = Release|x64
		{B7F7EF96-D5DB-4F85-8E79-085EFBD83678}.Release|x86.ActiveCfg = Release|Win32
		{B7F7EF96-D5DB-4F85-8E79-085EFBD83678}.Release|x86.Build.0 = Release|Win32
		{D9F24288-1946-464C-8435-832DF8CC3092}.Debug|x64.ActiveCfg = Debug|x64
		{D9F24288-1946-464C-8435-832DF8CC3092}.Debug|x64.Build.0 = Debug|x64
		{D9F24288-1946-464C-8435-832DF8CC3092}.Debug|x86.ActiveCfg = Debug|Win32
		{D9F24288-1946-464C-8435-832DF8CC3092}.Debug|x86.Build.0 = Debug|Win32
		{D9F24288-1946-464C-8435-832DF8CC3092}.Release|x64.ActiveCfg = Release|x64
		{D9F24288-1946-464C-8435-832DF8CC3092}.Release|x64.Build.0 = Release|x64
		{D9F24288-1946-464C-8435-832DF8CC3092}.Release|x86.ActiveCfg = Release|Win32
		{D9F24288-1946-464C-8435-832DF8CC3092}.Release|x86.Build.0 = Release|Win32
		{02B195D0-9D4E-452A-928F-0DA9EABE31E7}.Debug|x64.ActiveCfg = Debug|x64
		{02B195D0-9D4E-452A-928F-0DA9EABE31E7}.Debug|x64.Build.0 = Debug|x64
		{02B195D0-9D4E-452A-928F-0DA9EABE31E7}.Debug|x86.ActiveCfg = Debug|Win32
		{02B195D0-9D4E-452A-928F-0DA9EABE31E7}.Debug|x86.Build.0 = Debug|Win32
		{02B195D0-9D4E-452A-928F-0DA9EABE31E7}.Release|x64.ActiveCfg = Release|x64
		{02B195D0-9D4E-452A-928F-0DA9EABE31E7}.Release|x64.Build.0 = Release|x64
		{02B195D0-9D4E-452A-928F-0DA9EABE31E7}.Release|x86.ActiveCfg = Release|Win32
		{02B195D0-9D4E-452A-928F-0DA9EABE31E7}.Release|x86.Build.0 = Release|Win32
		{1AB36676-B4D8-4973-9800-9AE81B06E07C}.Debug|x64.ActiveCfg = Debug|x64
		{1AB36676-B4D8-4973-9800-9AE81B06E07C}.Debug|x64.Build.0 = Debug|x64
		{1AB36676-B4D8-4973-9800-9AE81B06E07C}.Debug|x86.ActiveCfg = Debug|Win32
		{1AB36676-B4D8-4973-9800-9AE81B06E07C}.Debug|x86.Build.0 = Debug|Win32
		{1AB36676-B4D8-4973-9800-9AE81B06E07C}.Release|x64.ActiveCfg = Release|x64
		{1AB36676-B4D8-4973-9800-9AE81B06E07C}.Release|x64.Build.0 = Release|x64
		{1AB36676-B4D8-4973-9800-9AE81B06E07C}.Release|x86.ActiveCfg = Release|Win32
		{1AB36676-B4D8-4973-9800-9AE81B06E07C}.Release|x86.Build.0 = Release|Win32
		{883595F1-709B-4C0E-A58B-4EC69307DF26}.Debug|x64.ActiveCfg = Debug|x64
		{883595F1-709B-4C0E-A58B-4EC69307DF26}.Debug|x64.Build.0 = Debug|x64
		{883595F1-709B-4C0E-A58B-4EC69307DF26}.Debug|x86.ActiveCfg = Debug|Win32
		{883595F1-709B-4C0E-A58B-4EC69307DF26}.Debug|x86.Build.0 = Debug|Win32
		{883595F1-709B-4C0E-A58B-4EC69307DF26}.Release|x64.ActiveCfg = Release|x64
		{883595F1-709B-4C0E-A58B-4EC69307DF26}.Release|x64.Build.0 = Release|x64
		{883595F1-709B-4C0E-A58B-4EC69307DF26}.Release|x86.ActiveCfg = Release|Win32
		{883595F1-709B-4C0E-A58B-4EC69307DF26}.Release|x86.Build.0 = Release|Win32
		{A8795763-D8F5-43FE-8358-0469E31668D1}.Debug|x64.ActiveCfg = Debug|x64
		{A8795763-D8F5-43FE-8358-0469E31668D1}.Debug|x64.Build.0 = Debug|x64
		{A8795763-D8F5-43FE-8358-0469E31668D1}.Debug|x86.ActiveCfg = Debug|Win32
		{A8795763-D8F5-43FE-8358-0469E31668D1}.Debug|x86.Build.0 = Debug|Win32
		{A8795763-D8F5-43FE-8358-0469E31668D1}.Release|x64.ActiveCfg = Release|x64
		{A8795763-D8F5-43FE-8358-0469E31668D1}.Release|x64.Build.0 = Release|x64
		{A8795763-D8F5-43FE-8358-0469E31668D1}.Release|x86.ActiveCfg = Release|Win32
		{A8795763-D8F5-43FE-8358-0469E31668D1}.Release|x86.Build.0 = Release|Win32
		{71D30432-0480-470E-A449-CD99886633C7}.Debug|x64.ActiveCfg = Debug|x64
		{71D30432-0480-470E-A449-CD99886633C7}.Debug|x64.Build.0 = Debug|x64
		{71D30432-0480-470E-A449-CD99886633C7}.Debug|x86.ActiveCfg = Debug|Win32
		{71D30432-0480-470E-A449-CD99886633C7}.Debug|x86.Build.0 = Debug|Win32
		{71D30432-0480-470E-A449-CD99886633C7}.Release|x64.ActiveCfg = Release|x64
		{71D30432-0480-470E-A449-CD99886633C7}.Release|x64.Build.0 = Release|x64
		{71D30432-0480-470E-A449-CD99886633C7}.Release|x86.ActiveCfg = Release|Win32
		{71D30432-0480-470E-A449-CD99886633C7}.Release|x86.Build.0 = Release|Win32
		{8FFF9A4B-6E37-4F8E-9F83-E056C4E137E2}.Debug|x64.ActiveCfg = Debug|x64
		{8FFF9A4B-6E37-4F8E-9F83-E056C4E137E2}.Debug|x64.Build.0 = Debug|x64
		{8FFF9A4B-6E37-4F8E-9F83-E056C4E137E2}.Debug|x86.ActiveCfg = Debug|Win32
		{8FFF9A4B-6E37-4F8E-9F83-E056C4E137E2}.Debug|x86.Build.0 = Debug|Win32
		{8FFF9A4B-6E37-4F8E-9F83-E056C4E137E2}.Release|x64.ActiveCfg = Release|x64
		{8FFF9A4B-6E37-4F8E-9F83-E056C4E137E2}.Release|x64.Build.0 = Release|x64
		{8FFF9A4B-6E37-4F8E-9F83-E056C4E137E2}.Release|x86.ActiveCfg = Release|Win32
		{8FFF9A4B-6E37-4F8E-9F83-E056C4E137E2}.Release|x86.Build.0 = Release|Win32
		{37D054A3-4D5F-495F-8F69-C3A39F164331}.Debug|x64.ActiveCfg = Debug|x64
		{37D054A3-4D5F-495F-8F69-C3A39F164331}.Debug|x64.Build.0 = Debug|x64
		{37D054A3-4D5F-495F-8F69-C3A39F164331}.Debug|x86.ActiveCfg = Debug|Win32
		{37D054A3-4D5F-495F-8F69-C3A39F164331}.Debug|x86.Build.0 = Debug|Win32
		{37D054A3-4D5F-495F-8F69-C3A39F164331}.Release|x64.ActiveCfg = Release|x64
		{37D054A3-4D5F-495F-8F69-C3A39F164331}.Release|x64.Build.0 = Release|x64
		{37D054A3-4D5F-495F-8F69-C3A39F164331}.Release|x86.ActiveCfg = Release|Win32
		{37D054A3-4D5F-495F-8F69-C3A39F164331}.Release|x86.Build.0 = Release|Win32
		{53C4EE49-0ADB-4195-9E61-6E1B508E34C3}.Debug|x64.ActiveCfg = Debug|x64
		{53C4EE49-0ADB-4195-9E61-6E1B508E34C3}.Debug|x64.Build.0 = Debug|x64
		{53C4EE49-0ADB-4195-9E61-6E1B508E34C3}.Debug|x86.ActiveCfg = Debug|Win32
		{53C4EE49-0ADB-4195-9E61-6E1B508E34C3}.Debug|x86.Build.0 = Debug|Win32
		{53C4EE49-0ADB-4195-9E61-6E1B508E34C3}.Release|x64.ActiveCfg = Release|x64
		{53C4EE49-0ADB-4195-9E61-6E1B508E34C3}.Release|x64.Build.0 = Release|x64
		{53C4EE49-0ADB-4195-9E61-6E1B508E34C3}.Release|x86.ActiveCfg = Release|Win32
		{53C4EE49-0ADB-4195-9E61-6E1B508E34C3}.Release|x86.Build.0 = Release|Win32
		{C8E52266-A60F-4D2B-9F48-34A486ACAB96}.Debug|x64.ActiveCfg = Debug|x64
		{C8E52266-A60F-4D2B-9F48-34A486ACAB96}.Debug|x64.Build.0 = Debug|x64
		{C8E52266-A60F-4D2B-9F48-34A486ACAB96}.Debug|x86.ActiveCfg = Debug|Win32
		{C8E52266-A60F-4D2B-9F48-34A486ACAB96}.Debug|x86.Build.0 = Debug|Win32
		{C8E52266-A60F-4D2B-9F48-34A486ACAB96}.Release|x64.ActiveCfg = Release|x64
		{C8E52266-A60F-4D2B-9F48-34A486ACAB96}.Release|x64.Build.0 = Release|x64
		{C8E52266-A60F-4D2B-9F48-34A486ACAB96}.Release|x86.ActiveCfg = Release|Win32
		{C8E52266-A60F-4D2B-9F48-34A486ACAB96}.Release|x86.Build.0 = Release|Win32
		{EFC0498F-2AAD-43F4-9D25-B292BB2A635A}.Debug|x64.ActiveCfg = Debug|x64
		{EFC0498F-2AAD-43F4-9D25-B292BB2A635A}.Debug|x64.Build.0 = Debug|x64
		{EFC0498F-2AAD-43F4-9D25-B292BB2A635A}.Debug|x86.ActiveCfg = Debug|Win32
		{EFC0498F-2AAD-43F4-9D25-B292BB2A635A}.Debug|x86.Build.0 = Debug|Win32
		{EFC0498F-2AAD-43F4-9D25-B292BB2A635A}.Release|x64.ActiveCfg = Release|x64
		{EFC0498F-2AAD-43F4-9D25-B292BB2A635A}.Release|x64.Build.0 = Release|x64
		{EFC0498F-2AAD-43F4-9D25-B292BB2A635A}.Release|x86.ActiveCfg = Release|Win32
		{EFC0498F-2AAD-43F4-9D25-B292BB2A635A}.Release|x86.Build.0 = Release|Win32
		{255104FF-9F7D-40FF-B1C9-524AEBC0DC8F}.Debug|x64.ActiveCfg = Debug|x64
		{255104FF-9F7D-40FF-B1C9-524AEBC0DC8F}.Debug|x64.Build.0 = Debug|x64
		{255104FF-9F7D-40FF-B1C9-524AEBC0DC8F}.Debug|x86.ActiveCfg = Debug|Win32
		{255104FF-9F7D-40FF-B1C9-524AEBC0DC8F}.Debug|x86.Build.0 = Debug|Win32
		{255104FF-9F7D-40FF-B1C9-524AEBC0DC8F}.Release|x64.ActiveCfg = Release|x64
		{255104FF-9F7D-40FF-B1C9-524AEBC0DC8F}.Release|x64.Build.0 = Release|x64
		{255104FF-9F7D-40FF-B1C9-524AEBC0DC8F}.Release|x86.ActiveCfg = Release|Win32
		{255104FF-9F7D-40FF-B1C9-524AEBC0DC8F}.Release|x86.Build.0 = Release|Win32
		{3527B9BC-CC75-4239-AE7B-4DC70E6B9FC5}.Debug|x64.ActiveCfg = Debug|x64
		{3527B9BC-CC75-4239-AE7B-4DC70E6B9FC5}.Debug|x64.Build.0 = Debug|x64
		{3527B9BC-CC75-4239-AE7B-4DC70E6B9FC5}.Debug|x86.ActiveCfg = Debug|Win32
		{3527B9BC-CC75-4239-AE7B-4DC70E6B9FC5}.Debug|x86.Build.0 = Debug|Win32
		{3527B9BC-CC75-4239-AE7B-4DC70E6B9FC5}.Release|x64.ActiveCfg = Release|x64
		{3527B9BC-CC75-4239-AE7B-4DC70E6B9FC5}.Release|x64.Build.0 = Release|x64
		{3527B9BC-CC75-4239-AE7B-4DC70E6B9FC5}.Release|x86.ActiveCfg = Release|Win32
		{3527B9BC-CC75-4239-AE7B-4DC70E6B9FC5}.Release|x86.Build.0 = Release|Win32
		{D36FAE7E-362C-4148-9ED6-90DF8DAAEF92}.Debug|x64.ActiveCfg = Debug|x64
		{D36FAE7E-362C-4148-9ED6-90DF8DAAEF92}.Debug|x64.Build.0 = Debug|x64
		{D36FAE7E-362C-4148-9ED6-90DF8DAAEF92}.Debug|x86.ActiveCfg = Debug|Win32
		{D36FAE7E-362C-4148-9ED6-90DF8DAAEF92}.Debug|x86.Build.0 = Debug|Win32
		{D36FAE7E-362C-4148-9ED6-90DF8DAAEF92}.Release|x64.ActiveCfg = Release|x64
		{D36FAE7E-362C-4148-9ED6-90DF8DAAEF92}.Release|x64.Build.0 = Release|x64
		{D36FAE7E-362C-4148-9ED6-90DF8DAAEF92}.Release|x86.ActiveCfg = Release|Win32
		{D36FAE7E-362C-4148-9ED6-90DF8DAAEF92}.Release|x86.Build.0 = Release|Win32
		{3A28C540-8FCB-4386-A20A-E46A63890D78}.Debug|x64.ActiveCfg = Debug|x64
		{3A28C540-8FCB-4386-A20A-E46A63890D78}.Debug|x64.Build.0 = Debug|x64
		{3A28C540-8FCB-4386-A20A-E46A63890D78}.Debug|x86.ActiveCfg = Debug|Win32
		{3A28C540-8FCB-4386-A20A-E46A63890D78}.Debug|x86.Build.0 = Debug|Win32
		{3A28C540-8FCB-4386-A20A-E46A63890D78}.Release|x64.ActiveCfg = Release|x64
		{3A28C540-8FCB-4386-A20A-E46A63890D78}.Release|x64.Build.0 = Release|x64
		{3A28C540-8FCB-4386-A20A-E46A63890D78}.Release|x86.ActiveCfg = Release|Win32
		{3A28C540-8FCB-4386-A20A-E46A63890D78}.Release|x86.Build.0 = Release|Win32
		{E95F0AFE-4B9C-4791-9AEF-FB7730CA5DCF}.Debug|x64.ActiveCfg = Debug|x64
		{E95F0AFE-4B9C-4791-9AEF-FB7730CA5DCF}.Debug|x64.Build.0 = Debug|x64
		{E95F0AFE-4B9C-4791-9AEF-FB7730CA5DCF}.Debug|x86.ActiveCfg = Debug|Win32
		{E95F0AFE-4B9C-4791-9AEF-FB7730CA5DCF}.Debug|x86.Build.0 = Debug|Win32
		{E95F0AFE-4B9C-4791-9AEF-FB7730CA5DCF}.Release|x64.ActiveCfg = Release|x64
		{E95F0AFE-4B9C-4791-9AEF-FB7730CA5DCF}.Release|x64.Build.0 = Release|x64
		{E95F0AFE-4B9C-4791-9AEF-FB7730CA5DCF}.Release|x86.ActiveCfg = Release|Win32
		{E95F0AFE-4B9C-4791-9AEF-FB7730CA5DCF}.Release|x86.Build.0 = Release|Win32
		{FA839DD8-DB6D-4371-8A9D-F34AC7905237}.Debug|x64.ActiveCfg = Debug|x64
		{FA839DD8-DB6D-4371-8A9D-F34AC7905237}.Debug|x64.Build.0 = Debug|x64
		{FA839DD8-DB6D-4371-8A9D-F34AC7905237}.Debug|x86.ActiveCfg = Debug|Win32
		{FA839DD8-DB6D-4371-8A9D-F34AC7905237}.Debug|x86.Build.0 = Debug|Win32
		{FA839DD8-DB6D-4371-8A9D-F34AC7905237}.Release|x64.ActiveCfg = Release|x64
		{FA839DD8-DB6D-4371-8A9D-F34AC7905237}.Release|x64.Build.0 = Release|x64
		{FA839DD8-DB6D-4371-8A9D-F34AC7905237}.Release|x86.ActiveCfg = Release|Win32
		{FA839DD8-DB6D-4371-8A9D-F34AC7905237}.Release|x86.Build.0 = Release|Win32
		{C30C29F8-AF09-4880-9CA9-E079B11610E3}.Debug|x64.ActiveCfg = Debug|x64
		{C30C29F8-AF09-4880-9CA9-E079B11610E3}.Debug|x64.Build.0 = Debug|x64
		{C30C29F8-AF09-4880-9CA9-E079B11610E3}.Debug|x86.ActiveCfg = Debug|Win32
		{C30C29F8-AF09-4880-9CA9-E079B11610E3}.Debug|x86.Build.0 = Debug|Win32
		{C30C29F8-AF09-4880-9CA9-E079B11610E3}.Release|x64.ActiveCfg = Release|x64
		{C30C29F8-AF09-4880-9CA9-E079B11610E3}.Release|x64.Build.0 = Release|x64
		{C30C29F8-AF09-4880-9CA9-E079B11610E3}.Release|x86.ActiveCfg = Release|Win32
		{C30C29F8-AF09-4880-9CA9-E079B11610E3}.Release|x86.Build.0 = Release|Win32
		{B8E6A1CB-A424-4391-BA27-4A4BD9BF58F5}.Debug|x64.ActiveCfg = Debug|x64
		{B8E6A1CB-A424-4391-BA27-4A4BD9BF58F5}.Debug|x64.Build.0 = Debug|x64
		{B8E6A1CB-A424-4391-BA27-4A4BD9BF58F5}.Debug|x86.ActiveCfg = Debug|Win32
		{B8E6A1CB-A424-4391-BA27-4A4BD9BF58F5}.Debug|x86.Build.0 = Debug|Win32
		{B8E6A1CB-A424-4391-BA27-4A4BD9BF58F5}.Release|x64.ActiveCfg = Release|x64
		{B8E6A1CB-A424-4391-BA27-4A4BD9BF58F5}.Release|x64.Build.0 = Release|x64
		{B8E6A1CB-A424-4391-BA27-4A4BD9BF58F5}.Release|x86.ActiveCfg = Release|Win32
		{B8E6A1CB-A424-4391-BA27-4A4BD9BF58F5}.Release|x86.Build.0 = Release|Win32
		{1A8BB0A7-7056-4511-8495-AF652A30E70E}.Debug|x64.ActiveCfg = Debug|x64
		{1A8BB0A7-7056-4511-8495-AF652A30E70E}.Debug|x64.Build.0 = Debug|x64
		{1A8BB0A7-7056-4511-8495-AF652A30E70E}.Debug|x86.ActiveCfg = Debug|Win32
		{1A8BB0A7-7056-4511-8495-AF652A30E70E}.Debug|x86.Build.0 = Debug|Win32
		{1A8BB0A7-7056-4511-8495-AF652A30E70E}.Release|x64.ActiveCfg = Release|x64
		{1A8BB0A7-7056-4511-8495-AF652A30E70E}.Release|x64.Build.0 = Release|x64
		{1A8BB0A7-7056-4511-8495-AF652A30E70E}.Release|x86.ActiveCfg = Release|Win32
		{1A8BB0A7-7056-4511-8495-AF652A30E70E}.Release|x86.Build.0 = Release|Win32
		{C64460DB-1E1B-4C40-8B64-8FB7C27F557A}.Debug|x64.ActiveCfg = Debug|x64
		{C64460DB-1E1B-4C40-8B64-8FB7C27F557A}.Debug|x64.Build.0 = Debug|x64
		{C64460DB-1E1B-4C40-8B64-8FB7C27F557A}.Debug|x86.ActiveCfg = Debug|Win32
		{C64460DB-1E1B-4C40-8B64-8FB7C27F557A}.Debug|x86.Build.0 = Debug|Win32
		{C64460DB-1E1B-4C40-8B64-8FB7C27F557A}.Release|x64.ActiveCfg = Release|x64
		{C64460DB-1E1B-4C40-8B64-8FB7C27F557A}.Release|x64.Build.0 = Release|x64
		{C64460DB-1E1B-4C40-8B64-8FB7C27F557A}.Release|x86.ActiveCfg = Release|Win32
		{C64460DB-1E1B-4C40-8B64-8FB7C27F557A}.Release|x86.Build.0 = Release|Win32
		{B5BC0B57-3EB9-484A-A012-49D1DE20876A}.Debug|x64.ActiveCfg = Debug|x64
		{B5BC0B57-3EB9-484A-A012-49D1DE20876A}.Debug|x64.Build.0 = Debug|x64
		{B5BC0B57-3EB9-484A-A012-49D1DE20876A}.Debug|x86.ActiveCfg = Debug|Win32
		{B5BC0B57-3EB9-484A-A012-49D1DE20876A}.Debug|x86.Build.0 = Debug|Win32
		{B5BC0B57-3EB9-484A-A012-49D1DE20876A}.Release|x64.ActiveCfg = Release|x64
		{B5BC0B57-3EB9-484A-A012-49D1DE20876A}.Release|x64.Build.0 = Release|x64
		{B5BC0B57-3EB9-484A-A012-49D1DE20876A}.Release|x86.ActiveCfg = Release|Win32
		{B5BC0B57-3EB9-484A-A012-49D1DE20876A}.Release|x86.Build.0 = Release|Win32
		{07792DE2-478A-4C3D-871F-D959BA6BE5F0}.Debug|x64.ActiveCfg = Debug|x64
		{07792DE2-478A-4C3D-871F-D959BA6BE5F0}.Debug|x64.Build.0 = Debug|x64
		{07792DE2-478A-4C3D-871F-D959BA6BE5F0}.Debug|x86.ActiveCfg = Debug|Win32
		{07792DE2-478A-4C3D-871F-D959BA6BE5F0}.Debug|x86.Build.0 = Debug|Win32
		{07792DE2-478A-4C3D-871F-D959BA6BE5F0}.Release|x64.ActiveCfg = Release|x64
		{07792DE2-478A-4C3D-871F-D959BA6BE5F0}.Release|x64.Build.0 = Release|x64
		{07792DE2-478A-4C3D-871F-D959BA6BE5F0}.Release|x86.ActiveCfg = Release|Win32
		{07792DE2-478A-4C3D-871F-D959BA6BE5F0}.Release|x86.Build.0 = Release|Win32
		{7AD60F1B-C12F-4588-AC3A-8A95AD0D9BAE}.Debug|x64.ActiveCfg = Debug|x64
		{7AD60F1B-C12F-4588-AC3A-8A95AD0D9BAE}.Debug|x64.Build.0 = Debug|x64
		{7AD60F1B-C12F-4588-AC3A-8A95AD0D9BAE}.Debug|x86.ActiveCfg = Debug|Win32
		{7AD60F1B-C12F-4588-AC3A-8A95AD0D9BAE}.Debug|x86.Build.0 = Debug|Win32
		{7AD60F1B-C12F-4588-AC3A-8A95AD0D9BAE}.Release|x64.ActiveCfg = Release|x64
		{7AD60F1B-C12F-4588-AC3A-8A95AD0D9BAE}.Release|x64.Build.0 = Release|x64
		{7AD60F1B-C12F-4588-AC3A-8A95AD0D9BAE}.Release|x86.ActiveCfg = Release|Win32
		{7AD60F1B-C12F-4588-AC3A-8A95AD0D9BAE}.Release|x86.Build.0 = Release|Win32
		{F0A6F048-F30C-4797-A53A-D743D2951CE4}.Debug|x64.ActiveCfg = Debug|x64
		{F0A6F048-F30C-4797-A53A-D743D2951CE4}.Debug|x64.Build.0 = Debug|x64
		{F0A6F048-F30C-4797-A53A-D743D2951CE4}.Debug|x86.ActiveCfg = Debug|Win32
		{F0A6F048-F30C-4797-A53A-D743D2951CE4}.Debug|x86.Build.0 = Debug|Win32
		{F0A6F048-F30C-4797-A53A-D743D2951CE4}.Release|x64.ActiveCfg = Release|x64
		{F0A6F048-F30C-4797-A53A-D743D2951CE4}.Release|x64.Build.0 = Release|x64
		{F0A6F048-F30C-4797-A53A-D743D2951CE4}.Release|x86.ActiveCfg = Release|Win32
		{F0A6F048-F30C-4797-A53A-D743D2951CE4}.Release|x86.Build.0 = Release|Win32
		{0050306D-B9ED-4CA7-A62C-FD53018BDC50}.Debug|x64.ActiveCfg = Debug|x64
		{0050306D-B9ED-4CA7-A62C-FD53018BDC50}.Debug|x64.Build.0 = Debug|x64
		{0050306D-B9ED-4CA7-A62C-FD53018BDC50}.Debug|x86.ActiveCfg = Debug|Win32
		{0050306D-B9ED-4CA7-A62C-FD53018BDC50}.Debug|x86.Build.0 = Debug|Win32
		{0050306D-B9ED-4CA7-A62C-FD53018BDC50}.Release|x64.ActiveCfg = Release|x64
		{0050306D-B9ED-4CA7-A62C-FD53018BDC50}.Release|x64.Build.0 = Release|x64
		{0050306D-B9ED-4CA7-A62C-FD53018BDC50}.Release|x86.ActiveCfg = Release|Win32
		{0050306D-B9ED-4CA7-A62C-FD53018BDC50}.Release|x86.Build.0 = Release|Win32
		{0FDD9877-317B-473E-8C32-1AB0AAEE1CEB}.Debug|x64.ActiveCfg = Debug|x64
		{0FDD9877-317B-473E-8C32-1AB0AAEE1CEB}.Debug|x64.Build.0 = Debug|x64
		{0FDD9877-317B-473E-8C32-1AB0AAEE1CEB}.Debug|x86.ActiveCfg = Debug|Win32
		{0FDD9877-317B-473E-8C32-1AB0AAEE1CEB}.Debug|x86.Build.0 = Debug|Win32
		{0FDD9877-317B-473E-8C32-1AB0AAEE1CEB}.Release|x64.ActiveCfg = Release|x64
		{0FDD9877-317B-473E-8C32-1AB0AAEE1CEB}.Release|x64.Build.0 = Release|x64
		{0FDD9877-317B-473E-8C32-1AB0AAEE1CEB}.Release|x86.ActiveCfg = Release|Win32
		{0FDD9877-317B-473E-8C32-1AB0AAEE1CEB}.Release|x86.Build.0 = Release|Win32
		{DC97B759-6D59-4FC3-9E7F-39502CAA52CE}.Debug|x64.ActiveCfg = Debug|x64
		{DC97B759-6D59-4FC3-9E7F-39502CAA52CE}.Debug|x64.Build.0 = Debug|x64
		{DC97B759-6D59-4FC3-9E7F-39502CAA52CE}.Debug|x86.ActiveCfg = Debug|Win32
		{DC97B759-6D59-4FC3-9E7F-39502CAA52CE}.Debug|x86.Build.0 = Debug|Win32
		{DC97B759-6D59-4FC3-9E7F-39502CAA52CE}.Release|x64.ActiveCfg = Release|x64
		{DC97B759-6D59-4FC3-9E7F-39502CAA52CE}.Release|x64.Build.0 = Release|x64
		{DC97B759-6D59-4FC3-9E7F-39502CAA52CE}.Release|x86.ActiveCfg = Release|Win32
		{DC97B759-6D59-4FC3-9E7F-39502CAA52CE}.Release|x86.Build.0 = Release|Win32
		{FB05D040-F045-479D-B6BA-C77FB2A574E3}.Debug|x64.ActiveCfg = Debug|x64
		{FB05D040-F045-479D-B6BA-C77FB2A574E3}.Debug|x64.Build.0 = Debug|x64
		{FB05D040-F045-479D-B6BA-C77FB2A574E3}.Debug|x86.ActiveCfg = Debug|Win32
		{FB05D040-F045-479D-B6BA-C77FB2A574E3}.Debug|x86.Build.0 = Debug|Win32
		{FB05D040-F045-479D-B6BA-C77FB2A574E3}.Release|x64.ActiveCfg = Release|x64
		{FB05D040-F045-479D-B6BA-C77FB2A574E3}.Release|x64.Build.0 = Release|x64
		{FB05D040-F045-479D-B6BA-C77FB2A574E3}.Release|x86.ActiveCfg = Release|Win32
		{FB05D040-F045-479D-B6BA-C77FB2A574E3}.Release|x86.Build.0 = Release|Win32
		{32B2113A-E7AD-423D-99A1-2939E618D90F}.Debug|x64.ActiveCfg = Debug|x64
		{32B2113A-E7AD-423D-99A1-2939E618D90F}.Debug|x64.Build.0 = Debug|x64
		{32B2113A-E7AD-423D-99A1-2939E618D90F}.Debug|x86.ActiveCfg = Debug|Win32
		{32B2113A-E7AD-423D-99A1-2939E618D90F}.Debug|x86.Build.0 = Debug|Win32
		{32B2113A-E7AD-423D-99A1-2939E618D90F}.Release|x64.ActiveCfg = Release|x64
		{32B2113A-E7AD-423D-99A1-2939E618D90F}.Release|x64.Build.0 = Release|x64
		{32B2113A-E7AD-423D-99A1-2939E618D90F}.Release|x86.ActiveCfg = Release|Win32
		{32B2113A-E7AD-423D-99A1-2939E618D90F}.Release|x86.Build.0 = Release|Win32
		{A8AB4330-9BF3-4FB2-9F13-4C224176A5E2}.Debug|x64.ActiveCfg = Debug|x64
		{A8AB4330-9BF3-4FB2-9F13-4C224176A5E2}.Debug|x64.Build.0 = Debug|x64
		{A8AB4330-9BF3-4FB2-9F13-4C224176A5E2}.Debug|x86.ActiveCfg = Debug|Win32
		{A8AB4330-9BF3-4FB2-9F13-4C224176A5E2}.Debug|x86.Build.0 = Debug|Win32
		{A8AB4330-9BF3-4FB2-9F13-4C224176A5E2}.Release|x64.ActiveCfg = Release|x64
		{A8AB4330-9BF3-4FB2-9F13-4C224176A5E2}.Release|x64.Build.0 = Release|x64
		{A8AB4330-9BF3-4FB2-9F13-4C224176A5E2}.Release|x86.ActiveCfg = Release|Win32
		{A8AB4330-9BF3-4FB2-9F13-4C224176A5E2}.Release|x86.Build.0 = Release|Win32
		{29126840-C7AC-442B-BC64-40EE3B2EEC6E}.Debug|x64.ActiveCfg = Debug|x64
		{29126840-C7AC-442B-BC64-40EE3B2EEC6E}.Debug|x64.Build.0 = Debug|x64
		{29126840-C7AC-442B-BC64-40EE3B2EEC6E}.Debug|x86.ActiveCfg = Debug|Win32
		{29126840-C7AC-442B-BC64-40EE3B2EEC6E}.Debug|x86.Build.0 = Debug|Win32
		{29126840-C7AC-442B-BC64-40EE3B2EEC6E}.Release|x64.ActiveCfg = Release|x64
		{29126840-C7AC-442B-BC64-40EE3B2EEC6E}.Release|x64.Build.0 = Release|x64
		{29126840-C7AC-442B-BC64-40EE3B2EEC6E}.Release|x86.ActiveCfg = Release|Win32
		{29126840-C7AC-442B-BC64-40EE3B2EEC6E}.Release|x86.Build.0 = Release|Win32
		{CFA8DC7B-AAF0-47EC-AD28-0EC4375F08A5}.Debug|x64.ActiveCfg = Debug|x64
		{CFA8DC7B-AAF0-47EC-AD28-0EC4375F08A5}.Debug|x64.Build.0 = Debug|x64
		{CFA8DC7B-AAF0-47EC-AD28-0EC4375F08A5}.Debug|x86.ActiveCfg = Debug|Win32
		{CFA8DC7B-AAF0-47EC-AD28-0EC4375F08A5}.Debug|x86.Build.0 = Debug|Win32
		{CFA8DC7B-AAF0-47EC-AD28-0EC4375F08A5}.Release|x64.ActiveCfg = Release|x64
		{CFA8DC7B-AAF0-47EC-AD28-0EC4375F08A5}.Release|x64.Build.0 = Release|x64
		{CFA8DC7B-AAF0-47EC-AD28-0EC4375F08A5}.Release|x86.ActiveCfg = Release|Win32
		{CFA8DC7B-AAF0-47EC-AD28-0EC4375F08A5}.Release|x86.Build.0 = Release|Win32
		{24AD9BB3-6017-4C1A-BDC3-EC143671A22D}.Debug|x64.ActiveCfg = Debug|x64
		{24AD9BB3-6017-4C1A-BDC3-EC143671A22D}.Debug|x64.Build.0 = Debug|x64
		{24AD9BB3-6017-4C1A-BDC3-EC143671A22D}.Debug|x86.ActiveCfg = Debug|Win32
		{24AD9BB3-6017-4C1A-BDC3-EC143671A22D}.Debug|x86.Build.0 = Debug|Win32
		{24AD9BB3-6017-4C1A-BDC3-EC143671A22D}.Release|x64.ActiveCfg = Release|x64
		{24AD9BB3-6017-4C1A-BDC3-EC143671A22D}.Release|x64.Build.0 = Release|x64
		{24AD9BB3-6017-4C1A-BDC3-EC143671A22D}.Release|x86.ActiveCfg = Release|Win32
		{24AD9BB3-6017-4C1A-BDC3-EC143671A22D}.Release|x86.Build.0 = Release|Win32
		{B14CE888-C34E-41E3-9A63-7CFEB8B395BF}.Debug|x64.ActiveCfg = Debug|x64
		{B14CE888-C34E-41E3-9A63-7CFEB8B395BF}.Debug|x64.Build.0 = Debug|x64
		{B14CE888-C34E-41E3-9A63-7CFEB8B395BF}.Debug|x86.ActiveCfg = Debug|Win32
		{B14CE888-C34E-41E3-9A63-7CFEB8B395BF}.Debug|x86.Build.0 = Debug|Win32
		{B14CE888-C34E-41E3-9A63-7CFEB8B395BF}.Release|x64.ActiveCfg = Release|x64
		{B14CE888-C34E-41E3-9A63-7CFEB8B395BF}.Release|x64.Build.0 = Release|x64
		{B14CE888-C34E-41E3-9A63-7CFEB8B395BF}.Release|x86.ActiveCfg = Release|Win32
		{B14CE888-C34E-41E3-9A63-7CFEB8B395BF}.Release|x86.Build.0 = Release|Win32
		{B5E86F07-FE64-4D3A-B4BE-BCFE9D8481C2}.Debug|x64.ActiveCfg = Debug|x64
		{B5E86F07-FE64-4D3A-B4BE-BCFE9D8481C2}.Debug|x64.Build.0 = Debug|x64
		{B5E86F07-FE64-4D3A-B4BE-BCFE9D8481C2}.Debug|x86.ActiveCfg = Debug|Win32
		{B5E86F07-FE64-4D3A-B4BE-BCFE9D8481C2}.Debug|x86.Build.0 = Debug|Win32
		{B5E86F07-FE64-4D3A-B4BE-BCFE9D8481C2}.Release|x64.ActiveCfg = Release|x64
		{B5E86F07-FE64-4D3A-B4BE-BCFE9D8481C2}.Release|x64.Build.0 = Release|x64
		{B5E86F07-FE64-4D3A-B4BE-BCFE9D8481C2}.Release|x86.ActiveCfg = Release|Win32
		{B5E86F07-FE64-4D3A-B4BE-BCFE9D8481C2}.Release|x86.Build.0 = Release|Win32
		{781C5952-3362-4C82-A040-EA3F38E4F70B}.Debug|x64.ActiveCfg = Debug|x64
		{781C5952-3362-4C82-A040-EA3F38E4F70B}.Debug|x64.Build.0 = Debug|x64
		{781C5952-3362-4C82-A040-EA3F38E4F70B}.Debug|x86.ActiveCfg = Debug|Win32
		{781C5952-3362-4C82-A040-EA3F38E4F70B}.Debug|x86.Build.0 = Debug|Win32
		{781C5952-3362-4C82-A040-EA3F38E4F70B}.Release|x64.ActiveCfg = Release|x64
		{781C5952-3362-4C82-A040-EA3F38E4F70B}.Release|x64.Build.0 = Release|x64
		{781C5952-3362-4C82-A040-EA3F38E4F70B}.Release|x86.ActiveCfg = Release|Win32
		{781C5952-3362-4C82-A040-EA3F38E4F70B}.Release|x86.Build.0 = Release|Win32
	EndGlobalSection
	GlobalSection(SolutionProperties) = preSolution
		HideSolutionNode = FALSE
	EndGlobalSection
	GlobalSection(ExtensibilityGlobals) = postSolution
		SolutionGuid = {62B0173E-7C93-4DCB-8327-60FE9AFBD440}
	EndGlobalSection
EndGlobal
